
Microsoft Visual Studio Solution File, Format Version 12.00
# Visual Studio 14
VisualStudioVersion = 14.0.25420.1
MinimumVisualStudioVersion = 10.0.40219.1
Project("{FAE04EC0-301F-11D3-BF4B-00C04F79EFBC}") = "通信服务端运行器", "..\..\Code\ServerRunPool\通信服务端运行器.csproj", "{BA96C272-6744-4EAD-AF3B-BBB8EC8E7DC0}"
	ProjectSection(ProjectDependencies) = postProject
		{DC9B4157-68C6-4F52-B8E4-EC2E4BC1D237} = {DC9B4157-68C6-4F52-B8E4-EC2E4BC1D237}
		{A237E772-678D-490B-ADDF-1D4535D970B6} = {A237E772-678D-490B-ADDF-1D4535D970B6}
	EndProjectSection
EndProject
Project("{2150E333-8FDC-42A3-9474-1A3956D46DE8}") = "二进制字节传输示例", "二进制字节传输示例", "{1610CD85-ED2A-4BC1-9982-7A521B2494BC}"
EndProject
Project("{2150E333-8FDC-42A3-9474-1A3956D46DE8}") = "客户端", "客户端", "{27255D0F-C23D-4BA6-9015-8065D341CE24}"
EndProject
Project("{2150E333-8FDC-42A3-9474-1A3956D46DE8}") = "服务端逻辑", "服务端逻辑", "{1C526ABC-D03F-4F03-AAF7-F69995F10F10}"
EndProject
Project("{FAE04EC0-301F-11D3-BF4B-00C04F79EFBC}") = "0x01_manage", "0x01_manage\0x01_manage.csproj", "{B73CAF99-A771-4E97-B061-3F2A4386D65D}"
EndProject
Project("{FAE04EC0-301F-11D3-BF4B-00C04F79EFBC}") = "Weave.Cloud", "..\..\Code\Weave.Cloud\Weave.Cloud.csproj", "{BCB76C92-15DD-436C-9B5C-6D8D9671FA88}"
EndProject
Project("{2150E333-8FDC-42A3-9474-1A3956D46DE8}") = "相关类库", "相关类库", "{4F8C7D9C-1ADA-45EB-9754-A3CE26A91107}"
EndProject
Project("{FAE04EC0-301F-11D3-BF4B-00C04F79EFBC}") = "Weave.TCPClient", "..\..\Code\Weave.TCPClient\Weave.TCPClient.csproj", "{DC9B4157-68C6-4F52-B8E4-EC2E4BC1D237}"
EndProject
Project("{FAE04EC0-301F-11D3-BF4B-00C04F79EFBC}") = "ConsoleApplication1", "ConsoleApplication1\ConsoleApplication1.csproj", "{64FEEF9F-6898-4441-AB34-E0F5AA51BAC6}"
EndProject
Project("{FAE04EC0-301F-11D3-BF4B-00C04F79EFBC}") = "Weave.Base", "..\..\Code\Weave.Base\Weave.Base.csproj", "{B8D521E5-9073-4B32-A7A7-F415E623F67C}"
EndProject
Project("{FAE04EC0-301F-11D3-BF4B-00C04F79EFBC}") = "Weave.Server", "..\..\Code\Weave.Server\Weave.Server.csproj", "{A237E772-678D-490B-ADDF-1D4535D970B6}"
EndProject
Project("{2150E333-8FDC-42A3-9474-1A3956D46DE8}") = "简化服务端", "简化服务端", "{EA1410DD-EB63-447F-A8EE-C9F3C68E2168}"
EndProject
Project("{FAE04EC0-301F-11D3-BF4B-00C04F79EFBC}") = "WindowsFormsApplication1", "WindowsFormsApplication1\WindowsFormsApplication1.csproj", "{78059B21-160A-4E2A-8014-400AFD45178F}"
EndProject
Global
	GlobalSection(SolutionConfigurationPlatforms) = preSolution
		AAA|Any CPU = AAA|Any CPU
		AAA|ARM = AAA|ARM
		AAA|x64 = AAA|x64
		AAA|x86 = AAA|x86
		Debug|Any CPU = Debug|Any CPU
		Debug|ARM = Debug|ARM
		Debug|x64 = Debug|x64
		Debug|x86 = Debug|x86
		Release|Any CPU = Release|Any CPU
		Release|ARM = Release|ARM
		Release|x64 = Release|x64
		Release|x86 = Release|x86
	EndGlobalSection
	GlobalSection(ProjectConfigurationPlatforms) = postSolution
		{BA96C272-6744-4EAD-AF3B-BBB8EC8E7DC0}.AAA|Any CPU.ActiveCfg = AAA|Any CPU
		{BA96C272-6744-4EAD-AF3B-BBB8EC8E7DC0}.AAA|Any CPU.Build.0 = AAA|Any CPU
		{BA96C272-6744-4EAD-AF3B-BBB8EC8E7DC0}.AAA|ARM.ActiveCfg = AAA|Any CPU
		{BA96C272-6744-4EAD-AF3B-BBB8EC8E7DC0}.AAA|ARM.Build.0 = AAA|Any CPU
		{BA96C272-6744-4EAD-AF3B-BBB8EC8E7DC0}.AAA|x64.ActiveCfg = AAA|Any CPU
		{BA96C272-6744-4EAD-AF3B-BBB8EC8E7DC0}.AAA|x64.Build.0 = AAA|Any CPU
		{BA96C272-6744-4EAD-AF3B-BBB8EC8E7DC0}.AAA|x86.ActiveCfg = AAA|x86
		{BA96C272-6744-4EAD-AF3B-BBB8EC8E7DC0}.AAA|x86.Build.0 = AAA|x86
		{BA96C272-6744-4EAD-AF3B-BBB8EC8E7DC0}.Debug|Any CPU.ActiveCfg = Debug|Any CPU
		{BA96C272-6744-4EAD-AF3B-BBB8EC8E7DC0}.Debug|Any CPU.Build.0 = Debug|Any CPU
		{BA96C272-6744-4EAD-AF3B-BBB8EC8E7DC0}.Debug|ARM.ActiveCfg = Debug|Any CPU
		{BA96C272-6744-4EAD-AF3B-BBB8EC8E7DC0}.Debug|ARM.Build.0 = Debug|Any CPU
		{BA96C272-6744-4EAD-AF3B-BBB8EC8E7DC0}.Debug|x64.ActiveCfg = Debug|Any CPU
		{BA96C272-6744-4EAD-AF3B-BBB8EC8E7DC0}.Debug|x64.Build.0 = Debug|Any CPU
		{BA96C272-6744-4EAD-AF3B-BBB8EC8E7DC0}.Debug|x86.ActiveCfg = Debug|x86
		{BA96C272-6744-4EAD-AF3B-BBB8EC8E7DC0}.Debug|x86.Build.0 = Debug|x86
		{BA96C272-6744-4EAD-AF3B-BBB8EC8E7DC0}.Release|Any CPU.ActiveCfg = Release|Any CPU
		{BA96C272-6744-4EAD-AF3B-BBB8EC8E7DC0}.Release|Any CPU.Build.0 = Release|Any CPU
		{BA96C272-6744-4EAD-AF3B-BBB8EC8E7DC0}.Release|ARM.ActiveCfg = Release|Any CPU
		{BA96C272-6744-4EAD-AF3B-BBB8EC8E7DC0}.Release|ARM.Build.0 = Release|Any CPU
		{BA96C272-6744-4EAD-AF3B-BBB8EC8E7DC0}.Release|x64.ActiveCfg = Release|Any CPU
		{BA96C272-6744-4EAD-AF3B-BBB8EC8E7DC0}.Release|x64.Build.0 = Release|Any CPU
		{BA96C272-6744-4EAD-AF3B-BBB8EC8E7DC0}.Release|x86.ActiveCfg = Release|x86
		{BA96C272-6744-4EAD-AF3B-BBB8EC8E7DC0}.Release|x86.Build.0 = Release|x86
		{B73CAF99-A771-4E97-B061-3F2A4386D65D}.AAA|Any CPU.ActiveCfg = Release|Any CPU
		{B73CAF99-A771-4E97-B061-3F2A4386D65D}.AAA|Any CPU.Build.0 = Release|Any CPU
		{B73CAF99-A771-4E97-B061-3F2A4386D65D}.AAA|ARM.ActiveCfg = Release|Any CPU
		{B73CAF99-A771-4E97-B061-3F2A4386D65D}.AAA|ARM.Build.0 = Release|Any CPU
		{B73CAF99-A771-4E97-B061-3F2A4386D65D}.AAA|x64.ActiveCfg = Release|Any CPU
		{B73CAF99-A771-4E97-B061-3F2A4386D65D}.AAA|x64.Build.0 = Release|Any CPU
		{B73CAF99-A771-4E97-B061-3F2A4386D65D}.AAA|x86.ActiveCfg = Release|Any CPU
		{B73CAF99-A771-4E97-B061-3F2A4386D65D}.AAA|x86.Build.0 = Release|Any CPU
		{B73CAF99-A771-4E97-B061-3F2A4386D65D}.Debug|Any CPU.ActiveCfg = Debug|Any CPU
		{B73CAF99-A771-4E97-B061-3F2A4386D65D}.Debug|Any CPU.Build.0 = Debug|Any CPU
		{B73CAF99-A771-4E97-B061-3F2A4386D65D}.Debug|ARM.ActiveCfg = Debug|Any CPU
		{B73CAF99-A771-4E97-B061-3F2A4386D65D}.Debug|ARM.Build.0 = Debug|Any CPU
		{B73CAF99-A771-4E97-B061-3F2A4386D65D}.Debug|x64.ActiveCfg = Debug|Any CPU
		{B73CAF99-A771-4E97-B061-3F2A4386D65D}.Debug|x64.Build.0 = Debug|Any CPU
		{B73CAF99-A771-4E97-B061-3F2A4386D65D}.Debug|x86.ActiveCfg = Debug|Any CPU
		{B73CAF99-A771-4E97-B061-3F2A4386D65D}.Debug|x86.Build.0 = Debug|Any CPU
		{B73CAF99-A771-4E97-B061-3F2A4386D65D}.Release|Any CPU.ActiveCfg = Release|Any CPU
		{B73CAF99-A771-4E97-B061-3F2A4386D65D}.Release|Any CPU.Build.0 = Release|Any CPU
		{B73CAF99-A771-4E97-B061-3F2A4386D65D}.Release|ARM.ActiveCfg = Release|Any CPU
		{B73CAF99-A771-4E97-B061-3F2A4386D65D}.Release|ARM.Build.0 = Release|Any CPU
		{B73CAF99-A771-4E97-B061-3F2A4386D65D}.Release|x64.ActiveCfg = Release|Any CPU
		{B73CAF99-A771-4E97-B061-3F2A4386D65D}.Release|x64.Build.0 = Release|Any CPU
		{B73CAF99-A771-4E97-B061-3F2A4386D65D}.Release|x86.ActiveCfg = Release|Any CPU
		{B73CAF99-A771-4E97-B061-3F2A4386D65D}.Release|x86.Build.0 = Release|Any CPU
		{BCB76C92-15DD-436C-9B5C-6D8D9671FA88}.AAA|Any CPU.ActiveCfg = AAA|Any CPU
		{BCB76C92-15DD-436C-9B5C-6D8D9671FA88}.AAA|Any CPU.Build.0 = AAA|Any CPU
		{BCB76C92-15DD-436C-9B5C-6D8D9671FA88}.AAA|ARM.ActiveCfg = AAA|Any CPU
		{BCB76C92-15DD-436C-9B5C-6D8D9671FA88}.AAA|ARM.Build.0 = AAA|Any CPU
		{BCB76C92-15DD-436C-9B5C-6D8D9671FA88}.AAA|x64.ActiveCfg = AAA|Any CPU
		{BCB76C92-15DD-436C-9B5C-6D8D9671FA88}.AAA|x64.Build.0 = AAA|Any CPU
		{BCB76C92-15DD-436C-9B5C-6D8D9671FA88}.AAA|x86.ActiveCfg = AAA|Any CPU
		{BCB76C92-15DD-436C-9B5C-6D8D9671FA88}.AAA|x86.Build.0 = AAA|Any CPU
		{BCB76C92-15DD-436C-9B5C-6D8D9671FA88}.Debug|Any CPU.ActiveCfg = Debug|Any CPU
		{BCB76C92-15DD-436C-9B5C-6D8D9671FA88}.Debug|Any CPU.Build.0 = Debug|Any CPU
		{BCB76C92-15DD-436C-9B5C-6D8D9671FA88}.Debug|ARM.ActiveCfg = Debug|Any CPU
		{BCB76C92-15DD-436C-9B5C-6D8D9671FA88}.Debug|ARM.Build.0 = Debug|Any CPU
		{BCB76C92-15DD-436C-9B5C-6D8D9671FA88}.Debug|x64.ActiveCfg = Debug|Any CPU
		{BCB76C92-15DD-436C-9B5C-6D8D9671FA88}.Debug|x64.Build.0 = Debug|Any CPU
		{BCB76C92-15DD-436C-9B5C-6D8D9671FA88}.Debug|x86.ActiveCfg = Debug|Any CPU
		{BCB76C92-15DD-436C-9B5C-6D8D9671FA88}.Debug|x86.Build.0 = Debug|Any CPU
		{BCB76C92-15DD-436C-9B5C-6D8D9671FA88}.Release|Any CPU.ActiveCfg = Release|Any CPU
		{BCB76C92-15DD-436C-9B5C-6D8D9671FA88}.Release|Any CPU.Build.0 = Release|Any CPU
		{BCB76C92-15DD-436C-9B5C-6D8D9671FA88}.Release|ARM.ActiveCfg = Release|Any CPU
		{BCB76C92-15DD-436C-9B5C-6D8D9671FA88}.Release|ARM.Build.0 = Release|Any CPU
		{BCB76C92-15DD-436C-9B5C-6D8D9671FA88}.Release|x64.ActiveCfg = Release|Any CPU
		{BCB76C92-15DD-436C-9B5C-6D8D9671FA88}.Release|x64.Build.0 = Release|Any CPU
		{BCB76C92-15DD-436C-9B5C-6D8D9671FA88}.Release|x86.ActiveCfg = Release|Any CPU
		{BCB76C92-15DD-436C-9B5C-6D8D9671FA88}.Release|x86.Build.0 = Release|Any CPU
		{DC9B4157-68C6-4F52-B8E4-EC2E4BC1D237}.AAA|Any CPU.ActiveCfg = AAA|Any CPU
		{DC9B4157-68C6-4F52-B8E4-EC2E4BC1D237}.AAA|Any CPU.Build.0 = AAA|Any CPU
		{DC9B4157-68C6-4F52-B8E4-EC2E4BC1D237}.AAA|ARM.ActiveCfg = AAA|Any CPU
		{DC9B4157-68C6-4F52-B8E4-EC2E4BC1D237}.AAA|ARM.Build.0 = AAA|Any CPU
		{DC9B4157-68C6-4F52-B8E4-EC2E4BC1D237}.AAA|x64.ActiveCfg = AAA|Any CPU
		{DC9B4157-68C6-4F52-B8E4-EC2E4BC1D237}.AAA|x64.Build.0 = AAA|Any CPU
		{DC9B4157-68C6-4F52-B8E4-EC2E4BC1D237}.AAA|x86.ActiveCfg = AAA|Any CPU
		{DC9B4157-68C6-4F52-B8E4-EC2E4BC1D237}.AAA|x86.Build.0 = AAA|Any CPU
		{DC9B4157-68C6-4F52-B8E4-EC2E4BC1D237}.Debug|Any CPU.ActiveCfg = Debug|Any CPU
		{DC9B4157-68C6-4F52-B8E4-EC2E4BC1D237}.Debug|Any CPU.Build.0 = Debug|Any CPU
		{DC9B4157-68C6-4F52-B8E4-EC2E4BC1D237}.Debug|ARM.ActiveCfg = Debug|Any CPU
		{DC9B4157-68C6-4F52-B8E4-EC2E4BC1D237}.Debug|ARM.Build.0 = Debug|Any CPU
		{DC9B4157-68C6-4F52-B8E4-EC2E4BC1D237}.Debug|x64.ActiveCfg = Debug|Any CPU
		{DC9B4157-68C6-4F52-B8E4-EC2E4BC1D237}.Debug|x64.Build.0 = Debug|Any CPU
		{DC9B4157-68C6-4F52-B8E4-EC2E4BC1D237}.Debug|x86.ActiveCfg = Debug|Any CPU
		{DC9B4157-68C6-4F52-B8E4-EC2E4BC1D237}.Debug|x86.Build.0 = Debug|Any CPU
		{DC9B4157-68C6-4F52-B8E4-EC2E4BC1D237}.Release|Any CPU.ActiveCfg = Release|Any CPU
		{DC9B4157-68C6-4F52-B8E4-EC2E4BC1D237}.Release|Any CPU.Build.0 = Release|Any CPU
		{DC9B4157-68C6-4F52-B8E4-EC2E4BC1D237}.Release|ARM.ActiveCfg = Release|Any CPU
		{DC9B4157-68C6-4F52-B8E4-EC2E4BC1D237}.Release|ARM.Build.0 = Release|Any CPU
		{DC9B4157-68C6-4F52-B8E4-EC2E4BC1D237}.Release|x64.ActiveCfg = Release|Any CPU
		{DC9B4157-68C6-4F52-B8E4-EC2E4BC1D237}.Release|x64.Build.0 = Release|Any CPU
		{DC9B4157-68C6-4F52-B8E4-EC2E4BC1D237}.Release|x86.ActiveCfg = Release|Any CPU
		{DC9B4157-68C6-4F52-B8E4-EC2E4BC1D237}.Release|x86.Build.0 = Release|Any CPU
		{64FEEF9F-6898-4441-AB34-E0F5AA51BAC6}.AAA|Any CPU.ActiveCfg = Release|Any CPU
		{64FEEF9F-6898-4441-AB34-E0F5AA51BAC6}.AAA|Any CPU.Build.0 = Release|Any CPU
		{64FEEF9F-6898-4441-AB34-E0F5AA51BAC6}.AAA|ARM.ActiveCfg = Release|Any CPU
		{64FEEF9F-6898-4441-AB34-E0F5AA51BAC6}.AAA|ARM.Build.0 = Release|Any CPU
		{64FEEF9F-6898-4441-AB34-E0F5AA51BAC6}.AAA|x64.ActiveCfg = Release|Any CPU
		{64FEEF9F-6898-4441-AB34-E0F5AA51BAC6}.AAA|x64.Build.0 = Release|Any CPU
		{64FEEF9F-6898-4441-AB34-E0F5AA51BAC6}.AAA|x86.ActiveCfg = Release|Any CPU
		{64FEEF9F-6898-4441-AB34-E0F5AA51BAC6}.AAA|x86.Build.0 = Release|Any CPU
		{64FEEF9F-6898-4441-AB34-E0F5AA51BAC6}.Debug|Any CPU.ActiveCfg = Debug|Any CPU
		{64FEEF9F-6898-4441-AB34-E0F5AA51BAC6}.Debug|Any CPU.Build.0 = Debug|Any CPU
		{64FEEF9F-6898-4441-AB34-E0F5AA51BAC6}.Debug|ARM.ActiveCfg = Debug|Any CPU
		{64FEEF9F-6898-4441-AB34-E0F5AA51BAC6}.Debug|ARM.Build.0 = Debug|Any CPU
		{64FEEF9F-6898-4441-AB34-E0F5AA51BAC6}.Debug|x64.ActiveCfg = Debug|Any CPU
		{64FEEF9F-6898-4441-AB34-E0F5AA51BAC6}.Debug|x64.Build.0 = Debug|Any CPU
		{64FEEF9F-6898-4441-AB34-E0F5AA51BAC6}.Debug|x86.ActiveCfg = Debug|Any CPU
		{64FEEF9F-6898-4441-AB34-E0F5AA51BAC6}.Debug|x86.Build.0 = Debug|Any CPU
		{64FEEF9F-6898-4441-AB34-E0F5AA51BAC6}.Release|Any CPU.ActiveCfg = Release|Any CPU
		{64FEEF9F-6898-4441-AB34-E0F5AA51BAC6}.Release|Any CPU.Build.0 = Release|Any CPU
		{64FEEF9F-6898-4441-AB34-E0F5AA51BAC6}.Release|ARM.ActiveCfg = Release|Any CPU
		{64FEEF9F-6898-4441-AB34-E0F5AA51BAC6}.Release|ARM.Build.0 = Release|Any CPU
		{64FEEF9F-6898-4441-AB34-E0F5AA51BAC6}.Release|x64.ActiveCfg = Release|Any CPU
		{64FEEF9F-6898-4441-AB34-E0F5AA51BAC6}.Release|x64.Build.0 = Release|Any CPU
		{64FEEF9F-6898-4441-AB34-E0F5AA51BAC6}.Release|x86.ActiveCfg = Release|Any CPU
		{64FEEF9F-6898-4441-AB34-E0F5AA51BAC6}.Release|x86.Build.0 = Release|Any CPU
		{B8D521E5-9073-4B32-A7A7-F415E623F67C}.AAA|Any CPU.ActiveCfg = AAA|Any CPU
		{B8D521E5-9073-4B32-A7A7-F415E623F67C}.AAA|Any CPU.Build.0 = AAA|Any CPU
		{B8D521E5-9073-4B32-A7A7-F415E623F67C}.AAA|ARM.ActiveCfg = AAA|Any CPU
		{B8D521E5-9073-4B32-A7A7-F415E623F67C}.AAA|ARM.Build.0 = AAA|Any CPU
		{B8D521E5-9073-4B32-A7A7-F415E623F67C}.AAA|x64.ActiveCfg = AAA|Any CPU
		{B8D521E5-9073-4B32-A7A7-F415E623F67C}.AAA|x64.Build.0 = AAA|Any CPU
		{B8D521E5-9073-4B32-A7A7-F415E623F67C}.AAA|x86.ActiveCfg = AAA|Any CPU
		{B8D521E5-9073-4B32-A7A7-F415E623F67C}.AAA|x86.Build.0 = AAA|Any CPU
		{B8D521E5-9073-4B32-A7A7-F415E623F67C}.Debug|Any CPU.ActiveCfg = Debug|Any CPU
		{B8D521E5-9073-4B32-A7A7-F415E623F67C}.Debug|Any CPU.Build.0 = Debug|Any CPU
		{B8D521E5-9073-4B32-A7A7-F415E623F67C}.Debug|ARM.ActiveCfg = Debug|Any CPU
		{B8D521E5-9073-4B32-A7A7-F415E623F67C}.Debug|ARM.Build.0 = Debug|Any CPU
		{B8D521E5-9073-4B32-A7A7-F415E623F67C}.Debug|x64.ActiveCfg = Debug|Any CPU
		{B8D521E5-9073-4B32-A7A7-F415E623F67C}.Debug|x64.Build.0 = Debug|Any CPU
		{B8D521E5-9073-4B32-A7A7-F415E623F67C}.Debug|x86.ActiveCfg = Debug|Any CPU
		{B8D521E5-9073-4B32-A7A7-F415E623F67C}.Debug|x86.Build.0 = Debug|Any CPU
		{B8D521E5-9073-4B32-A7A7-F415E623F67C}.Release|Any CPU.ActiveCfg = Release|Any CPU
		{B8D521E5-9073-4B32-A7A7-F415E623F67C}.Release|Any CPU.Build.0 = Release|Any CPU
		{B8D521E5-9073-4B32-A7A7-F415E623F67C}.Release|ARM.ActiveCfg = Release|Any CPU
		{B8D521E5-9073-4B32-A7A7-F415E623F67C}.Release|ARM.Build.0 = Release|Any CPU
		{B8D521E5-9073-4B32-A7A7-F415E623F67C}.Release|x64.ActiveCfg = Release|Any CPU
		{B8D521E5-9073-4B32-A7A7-F415E623F67C}.Release|x64.Build.0 = Release|Any CPU
		{B8D521E5-9073-4B32-A7A7-F415E623F67C}.Release|x86.ActiveCfg = Release|Any CPU
		{B8D521E5-9073-4B32-A7A7-F415E623F67C}.Release|x86.Build.0 = Release|Any CPU
		{A237E772-678D-490B-ADDF-1D4535D970B6}.AAA|Any CPU.ActiveCfg = Release|Any CPU
		{A237E772-678D-490B-ADDF-1D4535D970B6}.AAA|Any CPU.Build.0 = Release|Any CPU
		{A237E772-678D-490B-ADDF-1D4535D970B6}.AAA|ARM.ActiveCfg = Release|Any CPU
		{A237E772-678D-490B-ADDF-1D4535D970B6}.AAA|ARM.Build.0 = Release|Any CPU
		{A237E772-678D-490B-ADDF-1D4535D970B6}.AAA|x64.ActiveCfg = Release|Any CPU
		{A237E772-678D-490B-ADDF-1D4535D970B6}.AAA|x64.Build.0 = Release|Any CPU
		{A237E772-678D-490B-ADDF-1D4535D970B6}.AAA|x86.ActiveCfg = Release|Any CPU
		{A237E772-678D-490B-ADDF-1D4535D970B6}.AAA|x86.Build.0 = Release|Any CPU
		{A237E772-678D-490B-ADDF-1D4535D970B6}.Debug|Any CPU.ActiveCfg = Debug|Any CPU
		{A237E772-678D-490B-ADDF-1D4535D970B6}.Debug|Any CPU.Build.0 = Debug|Any CPU
		{A237E772-678D-490B-ADDF-1D4535D970B6}.Debug|ARM.ActiveCfg = Debug|Any CPU
		{A237E772-678D-490B-ADDF-1D4535D970B6}.Debug|ARM.Build.0 = Debug|Any CPU
		{A237E772-678D-490B-ADDF-1D4535D970B6}.Debug|x64.ActiveCfg = Debug|Any CPU
		{A237E772-678D-490B-ADDF-1D4535D970B6}.Debug|x64.Build.0 = Debug|Any CPU
		{A237E772-678D-490B-ADDF-1D4535D970B6}.Debug|x86.ActiveCfg = Debug|Any CPU
		{A237E772-678D-490B-ADDF-1D4535D970B6}.Debug|x86.Build.0 = Debug|Any CPU
		{A237E772-678D-490B-ADDF-1D4535D970B6}.Release|Any CPU.ActiveCfg = Release|Any CPU
		{A237E772-678D-490B-ADDF-1D4535D970B6}.Release|Any CPU.Build.0 = Release|Any CPU
		{A237E772-678D-490B-ADDF-1D4535D970B6}.Release|ARM.ActiveCfg = Release|Any CPU
		{A237E772-678D-490B-ADDF-1D4535D970B6}.Release|ARM.Build.0 = Release|Any CPU
		{A237E772-678D-490B-ADDF-1D4535D970B6}.Release|x64.ActiveCfg = Release|Any CPU
		{A237E772-678D-490B-ADDF-1D4535D970B6}.Release|x64.Build.0 = Release|Any CPU
		{A237E772-678D-490B-ADDF-1D4535D970B6}.Release|x86.ActiveCfg = Release|Any CPU
		{A237E772-678D-490B-ADDF-1D4535D970B6}.Release|x86.Build.0 = Release|Any CPU
		{78059B21-160A-4E2A-8014-400AFD45178F}.AAA|Any CPU.ActiveCfg = Release|Any CPU
		{78059B21-160A-4E2A-8014-400AFD45178F}.AAA|Any CPU.Build.0 = Release|Any CPU
		{78059B21-160A-4E2A-8014-400AFD45178F}.AAA|ARM.ActiveCfg = Release|Any CPU
		{78059B21-160A-4E2A-8014-400AFD45178F}.AAA|ARM.Build.0 = Release|Any CPU
		{78059B21-160A-4E2A-8014-400AFD45178F}.AAA|x64.ActiveCfg = Release|Any CPU
		{78059B21-160A-4E2A-8014-400AFD45178F}.AAA|x64.Build.0 = Release|Any CPU
		{78059B21-160A-4E2A-8014-400AFD45178F}.AAA|x86.ActiveCfg = Release|Any CPU
		{78059B21-160A-4E2A-8014-400AFD45178F}.AAA|x86.Build.0 = Release|Any CPU
		{78059B21-160A-4E2A-8014-400AFD45178F}.Debug|Any CPU.ActiveCfg = Debug|Any CPU
		{78059B21-160A-4E2A-8014-400AFD45178F}.Debug|Any CPU.Build.0 = Debug|Any CPU
		{78059B21-160A-4E2A-8014-400AFD45178F}.Debug|ARM.ActiveCfg = Debug|Any CPU
		{78059B21-160A-4E2A-8014-400AFD45178F}.Debug|ARM.Build.0 = Debug|Any CPU
		{78059B21-160A-4E2A-8014-400AFD45178F}.Debug|x64.ActiveCfg = Debug|Any CPU
		{78059B21-160A-4E2A-8014-400AFD45178F}.Debug|x64.Build.0 = Debug|Any CPU
		{78059B21-160A-4E2A-8014-400AFD45178F}.Debug|x86.ActiveCfg = Debug|Any CPU
		{78059B21-160A-4E2A-8014-400AFD45178F}.Debug|x86.Build.0 = Debug|Any CPU
		{78059B21-160A-4E2A-8014-400AFD45178F}.Release|Any CPU.ActiveCfg = Release|Any CPU
		{78059B21-160A-4E2A-8014-400AFD45178F}.Release|Any CPU.Build.0 = Release|Any CPU
		{78059B21-160A-4E2A-8014-400AFD45178F}.Release|ARM.ActiveCfg = Release|Any CPU
		{78059B21-160A-4E2A-8014-400AFD45178F}.Release|ARM.Build.0 = Release|Any CPU
		{78059B21-160A-4E2A-8014-400AFD45178F}.Release|x64.ActiveCfg = Release|Any CPU
		{78059B21-160A-4E2A-8014-400AFD45178F}.Release|x64.Build.0 = Release|Any CPU
		{78059B21-160A-4E2A-8014-400AFD45178F}.Release|x86.ActiveCfg = Release|Any CPU
		{78059B21-160A-4E2A-8014-400AFD45178F}.Release|x86.Build.0 = Release|Any CPU
	EndGlobalSection
	GlobalSection(SolutionProperties) = preSolution
		HideSolutionNode = FALSE
	EndGlobalSection
	GlobalSection(NestedProjects) = preSolution
		{27255D0F-C23D-4BA6-9015-8065D341CE24} = {1610CD85-ED2A-4BC1-9982-7A521B2494BC}
		{1C526ABC-D03F-4F03-AAF7-F69995F10F10} = {1610CD85-ED2A-4BC1-9982-7A521B2494BC}
		{B73CAF99-A771-4E97-B061-3F2A4386D65D} = {1C526ABC-D03F-4F03-AAF7-F69995F10F10}
		{BCB76C92-15DD-436C-9B5C-6D8D9671FA88} = {4F8C7D9C-1ADA-45EB-9754-A3CE26A91107}
		{DC9B4157-68C6-4F52-B8E4-EC2E4BC1D237} = {4F8C7D9C-1ADA-45EB-9754-A3CE26A91107}
		{64FEEF9F-6898-4441-AB34-E0F5AA51BAC6} = {27255D0F-C23D-4BA6-9015-8065D341CE24}
		{B8D521E5-9073-4B32-A7A7-F415E623F67C} = {4F8C7D9C-1ADA-45EB-9754-A3CE26A91107}
		{A237E772-678D-490B-ADDF-1D4535D970B6} = {4F8C7D9C-1ADA-45EB-9754-A3CE26A91107}
		{78059B21-160A-4E2A-8014-400AFD45178F} = {EA1410DD-EB63-447F-A8EE-C9F3C68E2168}
	EndGlobalSection
EndGlobal
