
Microsoft Visual Studio Solution File, Format Version 12.00
# Visual Studio Version 16
VisualStudioVersion = 16.0.28606.126
MinimumVisualStudioVersion = 10.0.40219.1
Project("{2150E333-8FDC-42A3-9474-1A3956D46DE8}") = "服务端类库", "服务端类库", "{AFDAF284-45F3-406D-A585-AE187827F28A}"
EndProject
Project("{2150E333-8FDC-42A3-9474-1A3956D46DE8}") = "通用接口类库", "通用接口类库", "{9A31E001-7D01-4333-9CF1-90B7D8AB69E3}"
EndProject
Project("{2150E333-8FDC-42A3-9474-1A3956D46DE8}") = "客户端类库", "客户端类库", "{41BBBA6D-5ECA-476F-93DA-6795C01E4145}"
EndProject
Project("{2150E333-8FDC-42A3-9474-1A3956D46DE8}") = "客户端示例", "客户端示例", "{71078A48-C6BA-4E2E-A22A-229EEBB665B9}"
EndProject
Project("{E24C65DC-7377-472B-9ABA-BC803B73C61A}") = "WebSocketClient", "WebSocketClient\WebSocketClient\", "{9B59A779-118D-4497-97F4-074C0E43FBDD}"
	ProjectSection(WebsiteProperties) = preProject
		TargetFrameworkMoniker = ".NETFramework,Version%3Dv4.5.2"
		Debug.AspNetCompiler.VirtualPath = "/localhost_53640"
		Debug.AspNetCompiler.PhysicalPath = "test\WebSocketClient\WebSocketClient\"
		Debug.AspNetCompiler.TargetPath = "PrecompiledWeb\localhost_53640\"
		Debug.AspNetCompiler.Updateable = "true"
		Debug.AspNetCompiler.ForceOverwrite = "true"
		Debug.AspNetCompiler.FixedNames = "false"
		Debug.AspNetCompiler.Debug = "True"
		Release.AspNetCompiler.VirtualPath = "/localhost_53640"
		Release.AspNetCompiler.PhysicalPath = "test\WebSocketClient\WebSocketClient\"
		Release.AspNetCompiler.TargetPath = "PrecompiledWeb\localhost_53640\"
		Release.AspNetCompiler.Updateable = "true"
		Release.AspNetCompiler.ForceOverwrite = "true"
		Release.AspNetCompiler.FixedNames = "false"
		Release.AspNetCompiler.Debug = "False"
		VWDPort = "53640"
		SlnRelativePath = "test\WebSocketClient\WebSocketClient\"
	EndProjectSection
EndProject
Project("{2150E333-8FDC-42A3-9474-1A3956D46DE8}") = "winform", "winform", "{83FCC670-FF22-4C0B-8383-093BD954246B}"
EndProject
Project("{2150E333-8FDC-42A3-9474-1A3956D46DE8}") = "WEB", "WEB", "{103F29CF-2D53-4613-A4E2-426873B32164}"
EndProject
Project("{2150E333-8FDC-42A3-9474-1A3956D46DE8}") = "负载网关", "负载网关", "{5DC257E6-4B9E-4F64-8C0F-DA463F1895AF}"
EndProject
Project("{2150E333-8FDC-42A3-9474-1A3956D46DE8}") = "Csharp类库", "Csharp类库", "{451930B4-B3B3-4129-BA34-CA6113296709}"
EndProject
Project("{2150E333-8FDC-42A3-9474-1A3956D46DE8}") = "核心库", "核心库", "{48621652-EE91-49DD-9696-BDF94D8E55BD}"
EndProject
Project("{2150E333-8FDC-42A3-9474-1A3956D46DE8}") = "核心库", "核心库", "{5098B5F4-7960-45DC-8B9C-C7AD621DCAE6}"
EndProject
Project("{2150E333-8FDC-42A3-9474-1A3956D46DE8}") = "核心库", "核心库", "{17C94CA5-24EB-4DFB-918D-661CCE96E851}"
EndProject
Project("{2150E333-8FDC-42A3-9474-1A3956D46DE8}") = "WEB JS库", "WEB JS库", "{6C7E3149-7F97-4B41-992B-0B25CBD4FCF3}"
	ProjectSection(SolutionItems) = preProject
		WebSocketClient\WebSocketClient\websocket.js = WebSocketClient\WebSocketClient\websocket.js
		..\..\QQ接收\websocket.js = ..\..\QQ接收\websocket.js
	EndProjectSection
EndProject
Project("{2150E333-8FDC-42A3-9474-1A3956D46DE8}") = "UDP服务端测试", "UDP服务端测试", "{656C73AE-9D47-48BD-81FE-97C33FD4B7BE}"
EndProject
Project("{2150E333-8FDC-42A3-9474-1A3956D46DE8}") = "多协议的服务端运行器", "多协议的服务端运行器", "{65521F22-2C4D-45C4-B560-26CE9E429BF1}"
EndProject
Project("{2150E333-8FDC-42A3-9474-1A3956D46DE8}") = "测试业务逻辑", "测试业务逻辑", "{A1371C0C-2B04-4132-B99E-B10A254731BC}"
EndProject
Project("{FAE04EC0-301F-11D3-BF4B-00C04F79EFBC}") = "UDP服务端代码测试", "UDP服务端代码测试\UDP服务端代码测试.csproj", "{C91D683E-4322-4544-A60C-CCBFD08B2E31}"
EndProject
Project("{2150E333-8FDC-42A3-9474-1A3956D46DE8}") = "服务端简单示例", "服务端简单示例", "{F0282893-2485-49FA-8F2B-408E06C4D8A6}"
EndProject
Project("{FAE04EC0-301F-11D3-BF4B-00C04F79EFBC}") = "TCP服务物联网测试", "TCP服务端测试\TCP服务物联网测试.csproj", "{7524AAC7-4F08-436F-9E39-31FD3FE9BDB3}"
EndProject
Project("{2150E333-8FDC-42A3-9474-1A3956D46DE8}") = "测试Test", "测试Test", "{D36CC134-8E0A-4C87-B1AE-BDBBAC0DEB6E}"
EndProject
Project("{2150E333-8FDC-42A3-9474-1A3956D46DE8}") = "负载网关测试", "负载网关测试", "{E015DB35-C42D-4CB3-9CAC-841007256F00}"
EndProject
Project("{FAE04EC0-301F-11D3-BF4B-00C04F79EFBC}") = "winformclient", "test\WinformClient\winformclient.csproj", "{C8898E06-FBB3-48F1-B685-E955E9145CC6}"
EndProject
Project("{FAE04EC0-301F-11D3-BF4B-00C04F79EFBC}") = "TCP服务测试", "test\TCP服务测试\TCP服务测试.csproj", "{179E2F22-50C2-4C73-840D-1E7DE5A37AB3}"
EndProject
Project("{FAE04EC0-301F-11D3-BF4B-00C04F79EFBC}") = "客户端简单示例", "test\ConsoleApp1\客户端简单示例.csproj", "{790ACC5D-36A5-4E43-BA39-D83AA1F1004E}"
EndProject
Project("{9A19103F-16F7-4668-BE54-9A1E7A4F7556}") = "Weave.Base", "src\Weave.Base.Core\Weave.Base.csproj", "{73FA09C1-FC07-4736-BF02-B1C8FF58942B}"
EndProject
Project("{9A19103F-16F7-4668-BE54-9A1E7A4F7556}") = "Weave.Server", "src\Weave.Server.Core\Weave.Server.csproj", "{35EF51F0-3F56-4B96-BD3C-E4ED2DB527C9}"
EndProject
Project("{9A19103F-16F7-4668-BE54-9A1E7A4F7556}") = "Weave.TCPClient", "src\Weave.TCPClient.Core\Weave.TCPClient.csproj", "{42250739-A4C5-4680-842E-880B85A7D42C}"
EndProject
Project("{9A19103F-16F7-4668-BE54-9A1E7A4F7556}") = "Weave.Cloud", "src\Weave.Cloud.Core\Weave.Cloud.csproj", "{505DB450-9F10-4074-9505-1A048F568223}"
EndProject
Project("{2150E333-8FDC-42A3-9474-1A3956D46DE8}") = "核心代码库", "核心代码库", "{FD2B468B-1465-4C2F-92DC-DD7242305426}"
EndProject
Project("{FAE04EC0-301F-11D3-BF4B-00C04F79EFBC}") = "最基础tcp示例", "test\最基础tcp示例\最基础tcp示例.csproj", "{14CB118C-8993-42C2-A46F-F23A53158EC5}"
EndProject
Project("{9A19103F-16F7-4668-BE54-9A1E7A4F7556}") = "Weave.TcpSynClient", "src\Weave.TcpSynClient\Weave.TcpSynClient.csproj", "{0E4CF32F-474B-47D8-A0D4-0E77C8E7D92F}"
EndProject
Project("{9A19103F-16F7-4668-BE54-9A1E7A4F7556}") = "TcpSynClientTest", "test\TcpSynClientTest\TcpSynClientTest.csproj", "{156070F2-5B6D-45C5-9F85-F48A61E9EE61}"
EndProject
Project("{FAE04EC0-301F-11D3-BF4B-00C04F79EFBC}") = "ConsoleApp1", "test\websocket基础测试\ConsoleApp1.csproj", "{79A8E78F-FE79-41D0-AF39-B6BC1F520DA0}"
EndProject
Global
	GlobalSection(SolutionConfigurationPlatforms) = preSolution
		AAA|Any CPU = AAA|Any CPU
		AAA|ARM = AAA|ARM
		AAA|x64 = AAA|x64
		AAA|x86 = AAA|x86
		Debug|Any CPU = Debug|Any CPU
		Debug|ARM = Debug|ARM
		Debug|x64 = Debug|x64
		Debug|x86 = Debug|x86
		Release|Any CPU = Release|Any CPU
		Release|ARM = Release|ARM
		Release|x64 = Release|x64
		Release|x86 = Release|x86
	EndGlobalSection
	GlobalSection(ProjectConfigurationPlatforms) = postSolution
		{9B59A779-118D-4497-97F4-074C0E43FBDD}.AAA|Any CPU.ActiveCfg = Debug|Any CPU
		{9B59A779-118D-4497-97F4-074C0E43FBDD}.AAA|Any CPU.Build.0 = Debug|Any CPU
		{9B59A779-118D-4497-97F4-074C0E43FBDD}.AAA|ARM.ActiveCfg = Debug|Any CPU
		{9B59A779-118D-4497-97F4-074C0E43FBDD}.AAA|ARM.Build.0 = Debug|Any CPU
		{9B59A779-118D-4497-97F4-074C0E43FBDD}.AAA|x64.ActiveCfg = Debug|Any CPU
		{9B59A779-118D-4497-97F4-074C0E43FBDD}.AAA|x64.Build.0 = Debug|Any CPU
		{9B59A779-118D-4497-97F4-074C0E43FBDD}.AAA|x86.ActiveCfg = Debug|Any CPU
		{9B59A779-118D-4497-97F4-074C0E43FBDD}.AAA|x86.Build.0 = Debug|Any CPU
		{9B59A779-118D-4497-97F4-074C0E43FBDD}.Debug|Any CPU.ActiveCfg = Debug|Any CPU
		{9B59A779-118D-4497-97F4-074C0E43FBDD}.Debug|Any CPU.Build.0 = Debug|Any CPU
		{9B59A779-118D-4497-97F4-074C0E43FBDD}.Debug|ARM.ActiveCfg = Debug|Any CPU
		{9B59A779-118D-4497-97F4-074C0E43FBDD}.Debug|ARM.Build.0 = Debug|Any CPU
		{9B59A779-118D-4497-97F4-074C0E43FBDD}.Debug|x64.ActiveCfg = Debug|Any CPU
		{9B59A779-118D-4497-97F4-074C0E43FBDD}.Debug|x64.Build.0 = Debug|Any CPU
		{9B59A779-118D-4497-97F4-074C0E43FBDD}.Debug|x86.ActiveCfg = Debug|Any CPU
		{9B59A779-118D-4497-97F4-074C0E43FBDD}.Debug|x86.Build.0 = Debug|Any CPU
		{9B59A779-118D-4497-97F4-074C0E43FBDD}.Release|Any CPU.ActiveCfg = Debug|Any CPU
		{9B59A779-118D-4497-97F4-074C0E43FBDD}.Release|Any CPU.Build.0 = Debug|Any CPU
		{9B59A779-118D-4497-97F4-074C0E43FBDD}.Release|ARM.ActiveCfg = Debug|Any CPU
		{9B59A779-118D-4497-97F4-074C0E43FBDD}.Release|ARM.Build.0 = Debug|Any CPU
		{9B59A779-118D-4497-97F4-074C0E43FBDD}.Release|x64.ActiveCfg = Debug|Any CPU
		{9B59A779-118D-4497-97F4-074C0E43FBDD}.Release|x64.Build.0 = Debug|Any CPU
		{9B59A779-118D-4497-97F4-074C0E43FBDD}.Release|x86.ActiveCfg = Debug|Any CPU
		{9B59A779-118D-4497-97F4-074C0E43FBDD}.Release|x86.Build.0 = Debug|Any CPU
		{C91D683E-4322-4544-A60C-CCBFD08B2E31}.AAA|Any CPU.ActiveCfg = Release|Any CPU
		{C91D683E-4322-4544-A60C-CCBFD08B2E31}.AAA|Any CPU.Build.0 = Release|Any CPU
		{C91D683E-4322-4544-A60C-CCBFD08B2E31}.AAA|ARM.ActiveCfg = Release|Any CPU
		{C91D683E-4322-4544-A60C-CCBFD08B2E31}.AAA|ARM.Build.0 = Release|Any CPU
		{C91D683E-4322-4544-A60C-CCBFD08B2E31}.AAA|x64.ActiveCfg = Release|Any CPU
		{C91D683E-4322-4544-A60C-CCBFD08B2E31}.AAA|x64.Build.0 = Release|Any CPU
		{C91D683E-4322-4544-A60C-CCBFD08B2E31}.AAA|x86.ActiveCfg = Release|Any CPU
		{C91D683E-4322-4544-A60C-CCBFD08B2E31}.AAA|x86.Build.0 = Release|Any CPU
		{C91D683E-4322-4544-A60C-CCBFD08B2E31}.Debug|Any CPU.ActiveCfg = Debug|Any CPU
		{C91D683E-4322-4544-A60C-CCBFD08B2E31}.Debug|Any CPU.Build.0 = Debug|Any CPU
		{C91D683E-4322-4544-A60C-CCBFD08B2E31}.Debug|ARM.ActiveCfg = Debug|Any CPU
		{C91D683E-4322-4544-A60C-CCBFD08B2E31}.Debug|ARM.Build.0 = Debug|Any CPU
		{C91D683E-4322-4544-A60C-CCBFD08B2E31}.Debug|x64.ActiveCfg = Debug|Any CPU
		{C91D683E-4322-4544-A60C-CCBFD08B2E31}.Debug|x64.Build.0 = Debug|Any CPU
		{C91D683E-4322-4544-A60C-CCBFD08B2E31}.Debug|x86.ActiveCfg = Debug|Any CPU
		{C91D683E-4322-4544-A60C-CCBFD08B2E31}.Debug|x86.Build.0 = Debug|Any CPU
		{C91D683E-4322-4544-A60C-CCBFD08B2E31}.Release|Any CPU.ActiveCfg = Release|Any CPU
		{C91D683E-4322-4544-A60C-CCBFD08B2E31}.Release|Any CPU.Build.0 = Release|Any CPU
		{C91D683E-4322-4544-A60C-CCBFD08B2E31}.Release|ARM.ActiveCfg = Release|Any CPU
		{C91D683E-4322-4544-A60C-CCBFD08B2E31}.Release|ARM.Build.0 = Release|Any CPU
		{C91D683E-4322-4544-A60C-CCBFD08B2E31}.Release|x64.ActiveCfg = Release|Any CPU
		{C91D683E-4322-4544-A60C-CCBFD08B2E31}.Release|x64.Build.0 = Release|Any CPU
		{C91D683E-4322-4544-A60C-CCBFD08B2E31}.Release|x86.ActiveCfg = Release|Any CPU
		{C91D683E-4322-4544-A60C-CCBFD08B2E31}.Release|x86.Build.0 = Release|Any CPU
		{7524AAC7-4F08-436F-9E39-31FD3FE9BDB3}.AAA|Any CPU.ActiveCfg = Release|Any CPU
		{7524AAC7-4F08-436F-9E39-31FD3FE9BDB3}.AAA|Any CPU.Build.0 = Release|Any CPU
		{7524AAC7-4F08-436F-9E39-31FD3FE9BDB3}.AAA|ARM.ActiveCfg = Release|Any CPU
		{7524AAC7-4F08-436F-9E39-31FD3FE9BDB3}.AAA|ARM.Build.0 = Release|Any CPU
		{7524AAC7-4F08-436F-9E39-31FD3FE9BDB3}.AAA|x64.ActiveCfg = Release|Any CPU
		{7524AAC7-4F08-436F-9E39-31FD3FE9BDB3}.AAA|x64.Build.0 = Release|Any CPU
		{7524AAC7-4F08-436F-9E39-31FD3FE9BDB3}.AAA|x86.ActiveCfg = Release|Any CPU
		{7524AAC7-4F08-436F-9E39-31FD3FE9BDB3}.AAA|x86.Build.0 = Release|Any CPU
		{7524AAC7-4F08-436F-9E39-31FD3FE9BDB3}.Debug|Any CPU.ActiveCfg = Debug|Any CPU
		{7524AAC7-4F08-436F-9E39-31FD3FE9BDB3}.Debug|Any CPU.Build.0 = Debug|Any CPU
		{7524AAC7-4F08-436F-9E39-31FD3FE9BDB3}.Debug|ARM.ActiveCfg = Debug|Any CPU
		{7524AAC7-4F08-436F-9E39-31FD3FE9BDB3}.Debug|ARM.Build.0 = Debug|Any CPU
		{7524AAC7-4F08-436F-9E39-31FD3FE9BDB3}.Debug|x64.ActiveCfg = Debug|Any CPU
		{7524AAC7-4F08-436F-9E39-31FD3FE9BDB3}.Debug|x64.Build.0 = Debug|Any CPU
		{7524AAC7-4F08-436F-9E39-31FD3FE9BDB3}.Debug|x86.ActiveCfg = Debug|Any CPU
		{7524AAC7-4F08-436F-9E39-31FD3FE9BDB3}.Debug|x86.Build.0 = Debug|Any CPU
		{7524AAC7-4F08-436F-9E39-31FD3FE9BDB3}.Release|Any CPU.ActiveCfg = Release|Any CPU
		{7524AAC7-4F08-436F-9E39-31FD3FE9BDB3}.Release|Any CPU.Build.0 = Release|Any CPU
		{7524AAC7-4F08-436F-9E39-31FD3FE9BDB3}.Release|ARM.ActiveCfg = Release|Any CPU
		{7524AAC7-4F08-436F-9E39-31FD3FE9BDB3}.Release|ARM.Build.0 = Release|Any CPU
		{7524AAC7-4F08-436F-9E39-31FD3FE9BDB3}.Release|x64.ActiveCfg = Release|Any CPU
		{7524AAC7-4F08-436F-9E39-31FD3FE9BDB3}.Release|x64.Build.0 = Release|Any CPU
		{7524AAC7-4F08-436F-9E39-31FD3FE9BDB3}.Release|x86.ActiveCfg = Release|Any CPU
		{7524AAC7-4F08-436F-9E39-31FD3FE9BDB3}.Release|x86.Build.0 = Release|Any CPU
		{C8898E06-FBB3-48F1-B685-E955E9145CC6}.AAA|Any CPU.ActiveCfg = Release|Any CPU
		{C8898E06-FBB3-48F1-B685-E955E9145CC6}.AAA|Any CPU.Build.0 = Release|Any CPU
		{C8898E06-FBB3-48F1-B685-E955E9145CC6}.AAA|ARM.ActiveCfg = Release|Any CPU
		{C8898E06-FBB3-48F1-B685-E955E9145CC6}.AAA|ARM.Build.0 = Release|Any CPU
		{C8898E06-FBB3-48F1-B685-E955E9145CC6}.AAA|x64.ActiveCfg = Release|Any CPU
		{C8898E06-FBB3-48F1-B685-E955E9145CC6}.AAA|x64.Build.0 = Release|Any CPU
		{C8898E06-FBB3-48F1-B685-E955E9145CC6}.AAA|x86.ActiveCfg = Release|Any CPU
		{C8898E06-FBB3-48F1-B685-E955E9145CC6}.AAA|x86.Build.0 = Release|Any CPU
		{C8898E06-FBB3-48F1-B685-E955E9145CC6}.Debug|Any CPU.ActiveCfg = Debug|Any CPU
		{C8898E06-FBB3-48F1-B685-E955E9145CC6}.Debug|Any CPU.Build.0 = Debug|Any CPU
		{C8898E06-FBB3-48F1-B685-E955E9145CC6}.Debug|ARM.ActiveCfg = Debug|Any CPU
		{C8898E06-FBB3-48F1-B685-E955E9145CC6}.Debug|ARM.Build.0 = Debug|Any CPU
		{C8898E06-FBB3-48F1-B685-E955E9145CC6}.Debug|x64.ActiveCfg = Debug|Any CPU
		{C8898E06-FBB3-48F1-B685-E955E9145CC6}.Debug|x64.Build.0 = Debug|Any CPU
		{C8898E06-FBB3-48F1-B685-E955E9145CC6}.Debug|x86.ActiveCfg = Debug|Any CPU
		{C8898E06-FBB3-48F1-B685-E955E9145CC6}.Debug|x86.Build.0 = Debug|Any CPU
		{C8898E06-FBB3-48F1-B685-E955E9145CC6}.Release|Any CPU.ActiveCfg = Release|Any CPU
		{C8898E06-FBB3-48F1-B685-E955E9145CC6}.Release|Any CPU.Build.0 = Release|Any CPU
		{C8898E06-FBB3-48F1-B685-E955E9145CC6}.Release|ARM.ActiveCfg = Release|Any CPU
		{C8898E06-FBB3-48F1-B685-E955E9145CC6}.Release|ARM.Build.0 = Release|Any CPU
		{C8898E06-FBB3-48F1-B685-E955E9145CC6}.Release|x64.ActiveCfg = Release|Any CPU
		{C8898E06-FBB3-48F1-B685-E955E9145CC6}.Release|x64.Build.0 = Release|Any CPU
		{C8898E06-FBB3-48F1-B685-E955E9145CC6}.Release|x86.ActiveCfg = Release|Any CPU
		{C8898E06-FBB3-48F1-B685-E955E9145CC6}.Release|x86.Build.0 = Release|Any CPU
		{179E2F22-50C2-4C73-840D-1E7DE5A37AB3}.AAA|Any CPU.ActiveCfg = Release|Any CPU
		{179E2F22-50C2-4C73-840D-1E7DE5A37AB3}.AAA|Any CPU.Build.0 = Release|Any CPU
		{179E2F22-50C2-4C73-840D-1E7DE5A37AB3}.AAA|ARM.ActiveCfg = Release|Any CPU
		{179E2F22-50C2-4C73-840D-1E7DE5A37AB3}.AAA|ARM.Build.0 = Release|Any CPU
		{179E2F22-50C2-4C73-840D-1E7DE5A37AB3}.AAA|x64.ActiveCfg = Release|Any CPU
		{179E2F22-50C2-4C73-840D-1E7DE5A37AB3}.AAA|x64.Build.0 = Release|Any CPU
		{179E2F22-50C2-4C73-840D-1E7DE5A37AB3}.AAA|x86.ActiveCfg = Release|Any CPU
		{179E2F22-50C2-4C73-840D-1E7DE5A37AB3}.AAA|x86.Build.0 = Release|Any CPU
		{179E2F22-50C2-4C73-840D-1E7DE5A37AB3}.Debug|Any CPU.ActiveCfg = Debug|Any CPU
		{179E2F22-50C2-4C73-840D-1E7DE5A37AB3}.Debug|Any CPU.Build.0 = Debug|Any CPU
		{179E2F22-50C2-4C73-840D-1E7DE5A37AB3}.Debug|ARM.ActiveCfg = Debug|Any CPU
		{179E2F22-50C2-4C73-840D-1E7DE5A37AB3}.Debug|ARM.Build.0 = Debug|Any CPU
		{179E2F22-50C2-4C73-840D-1E7DE5A37AB3}.Debug|x64.ActiveCfg = Debug|Any CPU
		{179E2F22-50C2-4C73-840D-1E7DE5A37AB3}.Debug|x64.Build.0 = Debug|Any CPU
		{179E2F22-50C2-4C73-840D-1E7DE5A37AB3}.Debug|x86.ActiveCfg = Debug|Any CPU
		{179E2F22-50C2-4C73-840D-1E7DE5A37AB3}.Debug|x86.Build.0 = Debug|Any CPU
		{179E2F22-50C2-4C73-840D-1E7DE5A37AB3}.Release|Any CPU.ActiveCfg = Release|Any CPU
		{179E2F22-50C2-4C73-840D-1E7DE5A37AB3}.Release|Any CPU.Build.0 = Release|Any CPU
		{179E2F22-50C2-4C73-840D-1E7DE5A37AB3}.Release|ARM.ActiveCfg = Release|Any CPU
		{179E2F22-50C2-4C73-840D-1E7DE5A37AB3}.Release|ARM.Build.0 = Release|Any CPU
		{179E2F22-50C2-4C73-840D-1E7DE5A37AB3}.Release|x64.ActiveCfg = Release|Any CPU
		{179E2F22-50C2-4C73-840D-1E7DE5A37AB3}.Release|x64.Build.0 = Release|Any CPU
		{179E2F22-50C2-4C73-840D-1E7DE5A37AB3}.Release|x86.ActiveCfg = Release|Any CPU
		{179E2F22-50C2-4C73-840D-1E7DE5A37AB3}.Release|x86.Build.0 = Release|Any CPU
		{790ACC5D-36A5-4E43-BA39-D83AA1F1004E}.AAA|Any CPU.ActiveCfg = Release|Any CPU
		{790ACC5D-36A5-4E43-BA39-D83AA1F1004E}.AAA|Any CPU.Build.0 = Release|Any CPU
		{790ACC5D-36A5-4E43-BA39-D83AA1F1004E}.AAA|ARM.ActiveCfg = Release|Any CPU
		{790ACC5D-36A5-4E43-BA39-D83AA1F1004E}.AAA|ARM.Build.0 = Release|Any CPU
		{790ACC5D-36A5-4E43-BA39-D83AA1F1004E}.AAA|x64.ActiveCfg = Release|Any CPU
		{790ACC5D-36A5-4E43-BA39-D83AA1F1004E}.AAA|x64.Build.0 = Release|Any CPU
		{790ACC5D-36A5-4E43-BA39-D83AA1F1004E}.AAA|x86.ActiveCfg = Release|Any CPU
		{790ACC5D-36A5-4E43-BA39-D83AA1F1004E}.AAA|x86.Build.0 = Release|Any CPU
		{790ACC5D-36A5-4E43-BA39-D83AA1F1004E}.Debug|Any CPU.ActiveCfg = Debug|Any CPU
		{790ACC5D-36A5-4E43-BA39-D83AA1F1004E}.Debug|Any CPU.Build.0 = Debug|Any CPU
		{790ACC5D-36A5-4E43-BA39-D83AA1F1004E}.Debug|ARM.ActiveCfg = Debug|Any CPU
		{790ACC5D-36A5-4E43-BA39-D83AA1F1004E}.Debug|ARM.Build.0 = Debug|Any CPU
		{790ACC5D-36A5-4E43-BA39-D83AA1F1004E}.Debug|x64.ActiveCfg = Debug|Any CPU
		{790ACC5D-36A5-4E43-BA39-D83AA1F1004E}.Debug|x64.Build.0 = Debug|Any CPU
		{790ACC5D-36A5-4E43-BA39-D83AA1F1004E}.Debug|x86.ActiveCfg = Debug|Any CPU
		{790ACC5D-36A5-4E43-BA39-D83AA1F1004E}.Debug|x86.Build.0 = Debug|Any CPU
		{790ACC5D-36A5-4E43-BA39-D83AA1F1004E}.Release|Any CPU.ActiveCfg = Release|Any CPU
		{790ACC5D-36A5-4E43-BA39-D83AA1F1004E}.Release|Any CPU.Build.0 = Release|Any CPU
		{790ACC5D-36A5-4E43-BA39-D83AA1F1004E}.Release|ARM.ActiveCfg = Release|Any CPU
		{790ACC5D-36A5-4E43-BA39-D83AA1F1004E}.Release|ARM.Build.0 = Release|Any CPU
		{790ACC5D-36A5-4E43-BA39-D83AA1F1004E}.Release|x64.ActiveCfg = Release|Any CPU
		{790ACC5D-36A5-4E43-BA39-D83AA1F1004E}.Release|x64.Build.0 = Release|Any CPU
		{790ACC5D-36A5-4E43-BA39-D83AA1F1004E}.Release|x86.ActiveCfg = Release|Any CPU
		{790ACC5D-36A5-4E43-BA39-D83AA1F1004E}.Release|x86.Build.0 = Release|Any CPU
		{73FA09C1-FC07-4736-BF02-B1C8FF58942B}.AAA|Any CPU.ActiveCfg = Debug|Any CPU
		{73FA09C1-FC07-4736-BF02-B1C8FF58942B}.AAA|Any CPU.Build.0 = Debug|Any CPU
		{73FA09C1-FC07-4736-BF02-B1C8FF58942B}.AAA|ARM.ActiveCfg = Debug|Any CPU
		{73FA09C1-FC07-4736-BF02-B1C8FF58942B}.AAA|ARM.Build.0 = Debug|Any CPU
		{73FA09C1-FC07-4736-BF02-B1C8FF58942B}.AAA|x64.ActiveCfg = Debug|Any CPU
		{73FA09C1-FC07-4736-BF02-B1C8FF58942B}.AAA|x64.Build.0 = Debug|Any CPU
		{73FA09C1-FC07-4736-BF02-B1C8FF58942B}.AAA|x86.ActiveCfg = Debug|Any CPU
		{73FA09C1-FC07-4736-BF02-B1C8FF58942B}.AAA|x86.Build.0 = Debug|Any CPU
		{73FA09C1-FC07-4736-BF02-B1C8FF58942B}.Debug|Any CPU.ActiveCfg = Debug|Any CPU
		{73FA09C1-FC07-4736-BF02-B1C8FF58942B}.Debug|Any CPU.Build.0 = Debug|Any CPU
		{73FA09C1-FC07-4736-BF02-B1C8FF58942B}.Debug|ARM.ActiveCfg = Debug|Any CPU
		{73FA09C1-FC07-4736-BF02-B1C8FF58942B}.Debug|ARM.Build.0 = Debug|Any CPU
		{73FA09C1-FC07-4736-BF02-B1C8FF58942B}.Debug|x64.ActiveCfg = Debug|Any CPU
		{73FA09C1-FC07-4736-BF02-B1C8FF58942B}.Debug|x64.Build.0 = Debug|Any CPU
		{73FA09C1-FC07-4736-BF02-B1C8FF58942B}.Debug|x86.ActiveCfg = Debug|Any CPU
		{73FA09C1-FC07-4736-BF02-B1C8FF58942B}.Debug|x86.Build.0 = Debug|Any CPU
		{73FA09C1-FC07-4736-BF02-B1C8FF58942B}.Release|Any CPU.ActiveCfg = Release|Any CPU
		{73FA09C1-FC07-4736-BF02-B1C8FF58942B}.Release|Any CPU.Build.0 = Release|Any CPU
		{73FA09C1-FC07-4736-BF02-B1C8FF58942B}.Release|ARM.ActiveCfg = Release|Any CPU
		{73FA09C1-FC07-4736-BF02-B1C8FF58942B}.Release|ARM.Build.0 = Release|Any CPU
		{73FA09C1-FC07-4736-BF02-B1C8FF58942B}.Release|x64.ActiveCfg = Release|Any CPU
		{73FA09C1-FC07-4736-BF02-B1C8FF58942B}.Release|x64.Build.0 = Release|Any CPU
		{73FA09C1-FC07-4736-BF02-B1C8FF58942B}.Release|x86.ActiveCfg = Release|Any CPU
		{73FA09C1-FC07-4736-BF02-B1C8FF58942B}.Release|x86.Build.0 = Release|Any CPU
		{35EF51F0-3F56-4B96-BD3C-E4ED2DB527C9}.AAA|Any CPU.ActiveCfg = Debug|Any CPU
		{35EF51F0-3F56-4B96-BD3C-E4ED2DB527C9}.AAA|Any CPU.Build.0 = Debug|Any CPU
		{35EF51F0-3F56-4B96-BD3C-E4ED2DB527C9}.AAA|ARM.ActiveCfg = Debug|Any CPU
		{35EF51F0-3F56-4B96-BD3C-E4ED2DB527C9}.AAA|ARM.Build.0 = Debug|Any CPU
		{35EF51F0-3F56-4B96-BD3C-E4ED2DB527C9}.AAA|x64.ActiveCfg = Debug|Any CPU
		{35EF51F0-3F56-4B96-BD3C-E4ED2DB527C9}.AAA|x64.Build.0 = Debug|Any CPU
		{35EF51F0-3F56-4B96-BD3C-E4ED2DB527C9}.AAA|x86.ActiveCfg = Debug|Any CPU
		{35EF51F0-3F56-4B96-BD3C-E4ED2DB527C9}.AAA|x86.Build.0 = Debug|Any CPU
		{35EF51F0-3F56-4B96-BD3C-E4ED2DB527C9}.Debug|Any CPU.ActiveCfg = Debug|Any CPU
		{35EF51F0-3F56-4B96-BD3C-E4ED2DB527C9}.Debug|Any CPU.Build.0 = Debug|Any CPU
		{35EF51F0-3F56-4B96-BD3C-E4ED2DB527C9}.Debug|ARM.ActiveCfg = Debug|Any CPU
		{35EF51F0-3F56-4B96-BD3C-E4ED2DB527C9}.Debug|ARM.Build.0 = Debug|Any CPU
		{35EF51F0-3F56-4B96-BD3C-E4ED2DB527C9}.Debug|x64.ActiveCfg = Debug|Any CPU
		{35EF51F0-3F56-4B96-BD3C-E4ED2DB527C9}.Debug|x64.Build.0 = Debug|Any CPU
		{35EF51F0-3F56-4B96-BD3C-E4ED2DB527C9}.Debug|x86.ActiveCfg = Debug|Any CPU
		{35EF51F0-3F56-4B96-BD3C-E4ED2DB527C9}.Debug|x86.Build.0 = Debug|Any CPU
		{35EF51F0-3F56-4B96-BD3C-E4ED2DB527C9}.Release|Any CPU.ActiveCfg = Release|Any CPU
		{35EF51F0-3F56-4B96-BD3C-E4ED2DB527C9}.Release|Any CPU.Build.0 = Release|Any CPU
		{35EF51F0-3F56-4B96-BD3C-E4ED2DB527C9}.Release|ARM.ActiveCfg = Release|Any CPU
		{35EF51F0-3F56-4B96-BD3C-E4ED2DB527C9}.Release|ARM.Build.0 = Release|Any CPU
		{35EF51F0-3F56-4B96-BD3C-E4ED2DB527C9}.Release|x64.ActiveCfg = Release|Any CPU
		{35EF51F0-3F56-4B96-BD3C-E4ED2DB527C9}.Release|x64.Build.0 = Release|Any CPU
		{35EF51F0-3F56-4B96-BD3C-E4ED2DB527C9}.Release|x86.ActiveCfg = Release|Any CPU
		{35EF51F0-3F56-4B96-BD3C-E4ED2DB527C9}.Release|x86.Build.0 = Release|Any CPU
		{42250739-A4C5-4680-842E-880B85A7D42C}.AAA|Any CPU.ActiveCfg = Debug|Any CPU
		{42250739-A4C5-4680-842E-880B85A7D42C}.AAA|Any CPU.Build.0 = Debug|Any CPU
		{42250739-A4C5-4680-842E-880B85A7D42C}.AAA|ARM.ActiveCfg = Debug|Any CPU
		{42250739-A4C5-4680-842E-880B85A7D42C}.AAA|ARM.Build.0 = Debug|Any CPU
		{42250739-A4C5-4680-842E-880B85A7D42C}.AAA|x64.ActiveCfg = Debug|Any CPU
		{42250739-A4C5-4680-842E-880B85A7D42C}.AAA|x64.Build.0 = Debug|Any CPU
		{42250739-A4C5-4680-842E-880B85A7D42C}.AAA|x86.ActiveCfg = Debug|Any CPU
		{42250739-A4C5-4680-842E-880B85A7D42C}.AAA|x86.Build.0 = Debug|Any CPU
		{42250739-A4C5-4680-842E-880B85A7D42C}.Debug|Any CPU.ActiveCfg = Debug|Any CPU
		{42250739-A4C5-4680-842E-880B85A7D42C}.Debug|Any CPU.Build.0 = Debug|Any CPU
		{42250739-A4C5-4680-842E-880B85A7D42C}.Debug|ARM.ActiveCfg = Debug|Any CPU
		{42250739-A4C5-4680-842E-880B85A7D42C}.Debug|ARM.Build.0 = Debug|Any CPU
		{42250739-A4C5-4680-842E-880B85A7D42C}.Debug|x64.ActiveCfg = Debug|Any CPU
		{42250739-A4C5-4680-842E-880B85A7D42C}.Debug|x64.Build.0 = Debug|Any CPU
		{42250739-A4C5-4680-842E-880B85A7D42C}.Debug|x86.ActiveCfg = Debug|Any CPU
		{42250739-A4C5-4680-842E-880B85A7D42C}.Debug|x86.Build.0 = Debug|Any CPU
		{42250739-A4C5-4680-842E-880B85A7D42C}.Release|Any CPU.ActiveCfg = Release|Any CPU
		{42250739-A4C5-4680-842E-880B85A7D42C}.Release|Any CPU.Build.0 = Release|Any CPU
		{42250739-A4C5-4680-842E-880B85A7D42C}.Release|ARM.ActiveCfg = Release|Any CPU
		{42250739-A4C5-4680-842E-880B85A7D42C}.Release|ARM.Build.0 = Release|Any CPU
		{42250739-A4C5-4680-842E-880B85A7D42C}.Release|x64.ActiveCfg = Release|Any CPU
		{42250739-A4C5-4680-842E-880B85A7D42C}.Release|x64.Build.0 = Release|Any CPU
		{42250739-A4C5-4680-842E-880B85A7D42C}.Release|x86.ActiveCfg = Release|Any CPU
		{42250739-A4C5-4680-842E-880B85A7D42C}.Release|x86.Build.0 = Release|Any CPU
		{505DB450-9F10-4074-9505-1A048F568223}.AAA|Any CPU.ActiveCfg = Debug|Any CPU
		{505DB450-9F10-4074-9505-1A048F568223}.AAA|Any CPU.Build.0 = Debug|Any CPU
		{505DB450-9F10-4074-9505-1A048F568223}.AAA|ARM.ActiveCfg = Debug|Any CPU
		{505DB450-9F10-4074-9505-1A048F568223}.AAA|ARM.Build.0 = Debug|Any CPU
		{505DB450-9F10-4074-9505-1A048F568223}.AAA|x64.ActiveCfg = Debug|Any CPU
		{505DB450-9F10-4074-9505-1A048F568223}.AAA|x64.Build.0 = Debug|Any CPU
		{505DB450-9F10-4074-9505-1A048F568223}.AAA|x86.ActiveCfg = Debug|Any CPU
		{505DB450-9F10-4074-9505-1A048F568223}.AAA|x86.Build.0 = Debug|Any CPU
		{505DB450-9F10-4074-9505-1A048F568223}.Debug|Any CPU.ActiveCfg = Debug|Any CPU
		{505DB450-9F10-4074-9505-1A048F568223}.Debug|Any CPU.Build.0 = Debug|Any CPU
		{505DB450-9F10-4074-9505-1A048F568223}.Debug|ARM.ActiveCfg = Debug|Any CPU
		{505DB450-9F10-4074-9505-1A048F568223}.Debug|ARM.Build.0 = Debug|Any CPU
		{505DB450-9F10-4074-9505-1A048F568223}.Debug|x64.ActiveCfg = Debug|Any CPU
		{505DB450-9F10-4074-9505-1A048F568223}.Debug|x64.Build.0 = Debug|Any CPU
		{505DB450-9F10-4074-9505-1A048F568223}.Debug|x86.ActiveCfg = Debug|Any CPU
		{505DB450-9F10-4074-9505-1A048F568223}.Debug|x86.Build.0 = Debug|Any CPU
		{505DB450-9F10-4074-9505-1A048F568223}.Release|Any CPU.ActiveCfg = Release|Any CPU
		{505DB450-9F10-4074-9505-1A048F568223}.Release|Any CPU.Build.0 = Release|Any CPU
		{505DB450-9F10-4074-9505-1A048F568223}.Release|ARM.ActiveCfg = Release|Any CPU
		{505DB450-9F10-4074-9505-1A048F568223}.Release|ARM.Build.0 = Release|Any CPU
		{505DB450-9F10-4074-9505-1A048F568223}.Release|x64.ActiveCfg = Release|Any CPU
		{505DB450-9F10-4074-9505-1A048F568223}.Release|x64.Build.0 = Release|Any CPU
		{505DB450-9F10-4074-9505-1A048F568223}.Release|x86.ActiveCfg = Release|Any CPU
		{505DB450-9F10-4074-9505-1A048F568223}.Release|x86.Build.0 = Release|Any CPU
		{14CB118C-8993-42C2-A46F-F23A53158EC5}.AAA|Any CPU.ActiveCfg = Release|Any CPU
		{14CB118C-8993-42C2-A46F-F23A53158EC5}.AAA|Any CPU.Build.0 = Release|Any CPU
		{14CB118C-8993-42C2-A46F-F23A53158EC5}.AAA|ARM.ActiveCfg = Release|Any CPU
		{14CB118C-8993-42C2-A46F-F23A53158EC5}.AAA|ARM.Build.0 = Release|Any CPU
		{14CB118C-8993-42C2-A46F-F23A53158EC5}.AAA|x64.ActiveCfg = Release|Any CPU
		{14CB118C-8993-42C2-A46F-F23A53158EC5}.AAA|x64.Build.0 = Release|Any CPU
		{14CB118C-8993-42C2-A46F-F23A53158EC5}.AAA|x86.ActiveCfg = Release|Any CPU
		{14CB118C-8993-42C2-A46F-F23A53158EC5}.AAA|x86.Build.0 = Release|Any CPU
		{14CB118C-8993-42C2-A46F-F23A53158EC5}.Debug|Any CPU.ActiveCfg = Debug|Any CPU
		{14CB118C-8993-42C2-A46F-F23A53158EC5}.Debug|Any CPU.Build.0 = Debug|Any CPU
		{14CB118C-8993-42C2-A46F-F23A53158EC5}.Debug|ARM.ActiveCfg = Debug|Any CPU
		{14CB118C-8993-42C2-A46F-F23A53158EC5}.Debug|ARM.Build.0 = Debug|Any CPU
		{14CB118C-8993-42C2-A46F-F23A53158EC5}.Debug|x64.ActiveCfg = Debug|Any CPU
		{14CB118C-8993-42C2-A46F-F23A53158EC5}.Debug|x64.Build.0 = Debug|Any CPU
		{14CB118C-8993-42C2-A46F-F23A53158EC5}.Debug|x86.ActiveCfg = Debug|Any CPU
		{14CB118C-8993-42C2-A46F-F23A53158EC5}.Debug|x86.Build.0 = Debug|Any CPU
		{14CB118C-8993-42C2-A46F-F23A53158EC5}.Release|Any CPU.ActiveCfg = Release|Any CPU
		{14CB118C-8993-42C2-A46F-F23A53158EC5}.Release|Any CPU.Build.0 = Release|Any CPU
		{14CB118C-8993-42C2-A46F-F23A53158EC5}.Release|ARM.ActiveCfg = Release|Any CPU
		{14CB118C-8993-42C2-A46F-F23A53158EC5}.Release|ARM.Build.0 = Release|Any CPU
		{14CB118C-8993-42C2-A46F-F23A53158EC5}.Release|x64.ActiveCfg = Release|Any CPU
		{14CB118C-8993-42C2-A46F-F23A53158EC5}.Release|x64.Build.0 = Release|Any CPU
		{14CB118C-8993-42C2-A46F-F23A53158EC5}.Release|x86.ActiveCfg = Release|Any CPU
		{14CB118C-8993-42C2-A46F-F23A53158EC5}.Release|x86.Build.0 = Release|Any CPU
		{0E4CF32F-474B-47D8-A0D4-0E77C8E7D92F}.AAA|Any CPU.ActiveCfg = Debug|Any CPU
		{0E4CF32F-474B-47D8-A0D4-0E77C8E7D92F}.AAA|Any CPU.Build.0 = Debug|Any CPU
		{0E4CF32F-474B-47D8-A0D4-0E77C8E7D92F}.AAA|ARM.ActiveCfg = Debug|Any CPU
		{0E4CF32F-474B-47D8-A0D4-0E77C8E7D92F}.AAA|ARM.Build.0 = Debug|Any CPU
		{0E4CF32F-474B-47D8-A0D4-0E77C8E7D92F}.AAA|x64.ActiveCfg = Debug|Any CPU
		{0E4CF32F-474B-47D8-A0D4-0E77C8E7D92F}.AAA|x64.Build.0 = Debug|Any CPU
		{0E4CF32F-474B-47D8-A0D4-0E77C8E7D92F}.AAA|x86.ActiveCfg = Debug|Any CPU
		{0E4CF32F-474B-47D8-A0D4-0E77C8E7D92F}.AAA|x86.Build.0 = Debug|Any CPU
		{0E4CF32F-474B-47D8-A0D4-0E77C8E7D92F}.Debug|Any CPU.ActiveCfg = Debug|Any CPU
		{0E4CF32F-474B-47D8-A0D4-0E77C8E7D92F}.Debug|Any CPU.Build.0 = Debug|Any CPU
		{0E4CF32F-474B-47D8-A0D4-0E77C8E7D92F}.Debug|ARM.ActiveCfg = Debug|Any CPU
		{0E4CF32F-474B-47D8-A0D4-0E77C8E7D92F}.Debug|ARM.Build.0 = Debug|Any CPU
		{0E4CF32F-474B-47D8-A0D4-0E77C8E7D92F}.Debug|x64.ActiveCfg = Debug|Any CPU
		{0E4CF32F-474B-47D8-A0D4-0E77C8E7D92F}.Debug|x64.Build.0 = Debug|Any CPU
		{0E4CF32F-474B-47D8-A0D4-0E77C8E7D92F}.Debug|x86.ActiveCfg = Debug|Any CPU
		{0E4CF32F-474B-47D8-A0D4-0E77C8E7D92F}.Debug|x86.Build.0 = Debug|Any CPU
		{0E4CF32F-474B-47D8-A0D4-0E77C8E7D92F}.Release|Any CPU.ActiveCfg = Release|Any CPU
		{0E4CF32F-474B-47D8-A0D4-0E77C8E7D92F}.Release|Any CPU.Build.0 = Release|Any CPU
		{0E4CF32F-474B-47D8-A0D4-0E77C8E7D92F}.Release|ARM.ActiveCfg = Release|Any CPU
		{0E4CF32F-474B-47D8-A0D4-0E77C8E7D92F}.Release|ARM.Build.0 = Release|Any CPU
		{0E4CF32F-474B-47D8-A0D4-0E77C8E7D92F}.Release|x64.ActiveCfg = Release|Any CPU
		{0E4CF32F-474B-47D8-A0D4-0E77C8E7D92F}.Release|x64.Build.0 = Release|Any CPU
		{0E4CF32F-474B-47D8-A0D4-0E77C8E7D92F}.Release|x86.ActiveCfg = Release|Any CPU
		{0E4CF32F-474B-47D8-A0D4-0E77C8E7D92F}.Release|x86.Build.0 = Release|Any CPU
		{156070F2-5B6D-45C5-9F85-F48A61E9EE61}.AAA|Any CPU.ActiveCfg = Debug|Any CPU
		{156070F2-5B6D-45C5-9F85-F48A61E9EE61}.AAA|Any CPU.Build.0 = Debug|Any CPU
		{156070F2-5B6D-45C5-9F85-F48A61E9EE61}.AAA|ARM.ActiveCfg = Debug|Any CPU
		{156070F2-5B6D-45C5-9F85-F48A61E9EE61}.AAA|ARM.Build.0 = Debug|Any CPU
		{156070F2-5B6D-45C5-9F85-F48A61E9EE61}.AAA|x64.ActiveCfg = Debug|Any CPU
		{156070F2-5B6D-45C5-9F85-F48A61E9EE61}.AAA|x64.Build.0 = Debug|Any CPU
		{156070F2-5B6D-45C5-9F85-F48A61E9EE61}.AAA|x86.ActiveCfg = Debug|Any CPU
		{156070F2-5B6D-45C5-9F85-F48A61E9EE61}.AAA|x86.Build.0 = Debug|Any CPU
		{156070F2-5B6D-45C5-9F85-F48A61E9EE61}.Debug|Any CPU.ActiveCfg = Debug|Any CPU
		{156070F2-5B6D-45C5-9F85-F48A61E9EE61}.Debug|Any CPU.Build.0 = Debug|Any CPU
		{156070F2-5B6D-45C5-9F85-F48A61E9EE61}.Debug|ARM.ActiveCfg = Debug|Any CPU
		{156070F2-5B6D-45C5-9F85-F48A61E9EE61}.Debug|ARM.Build.0 = Debug|Any CPU
		{156070F2-5B6D-45C5-9F85-F48A61E9EE61}.Debug|x64.ActiveCfg = Debug|Any CPU
		{156070F2-5B6D-45C5-9F85-F48A61E9EE61}.Debug|x64.Build.0 = Debug|Any CPU
		{156070F2-5B6D-45C5-9F85-F48A61E9EE61}.Debug|x86.ActiveCfg = Debug|Any CPU
		{156070F2-5B6D-45C5-9F85-F48A61E9EE61}.Debug|x86.Build.0 = Debug|Any CPU
		{156070F2-5B6D-45C5-9F85-F48A61E9EE61}.Release|Any CPU.ActiveCfg = Release|Any CPU
		{156070F2-5B6D-45C5-9F85-F48A61E9EE61}.Release|Any CPU.Build.0 = Release|Any CPU
		{156070F2-5B6D-45C5-9F85-F48A61E9EE61}.Release|ARM.ActiveCfg = Release|Any CPU
		{156070F2-5B6D-45C5-9F85-F48A61E9EE61}.Release|ARM.Build.0 = Release|Any CPU
		{156070F2-5B6D-45C5-9F85-F48A61E9EE61}.Release|x64.ActiveCfg = Release|Any CPU
		{156070F2-5B6D-45C5-9F85-F48A61E9EE61}.Release|x64.Build.0 = Release|Any CPU
		{156070F2-5B6D-45C5-9F85-F48A61E9EE61}.Release|x86.ActiveCfg = Release|Any CPU
		{156070F2-5B6D-45C5-9F85-F48A61E9EE61}.Release|x86.Build.0 = Release|Any CPU
		{79A8E78F-FE79-41D0-AF39-B6BC1F520DA0}.AAA|Any CPU.ActiveCfg = Debug|Any CPU
		{79A8E78F-FE79-41D0-AF39-B6BC1F520DA0}.AAA|Any CPU.Build.0 = Debug|Any CPU
		{79A8E78F-FE79-41D0-AF39-B6BC1F520DA0}.AAA|ARM.ActiveCfg = Debug|Any CPU
		{79A8E78F-FE79-41D0-AF39-B6BC1F520DA0}.AAA|ARM.Build.0 = Debug|Any CPU
		{79A8E78F-FE79-41D0-AF39-B6BC1F520DA0}.AAA|x64.ActiveCfg = Debug|Any CPU
		{79A8E78F-FE79-41D0-AF39-B6BC1F520DA0}.AAA|x64.Build.0 = Debug|Any CPU
		{79A8E78F-FE79-41D0-AF39-B6BC1F520DA0}.AAA|x86.ActiveCfg = Debug|Any CPU
		{79A8E78F-FE79-41D0-AF39-B6BC1F520DA0}.AAA|x86.Build.0 = Debug|Any CPU
		{79A8E78F-FE79-41D0-AF39-B6BC1F520DA0}.Debug|Any CPU.ActiveCfg = Debug|Any CPU
		{79A8E78F-FE79-41D0-AF39-B6BC1F520DA0}.Debug|Any CPU.Build.0 = Debug|Any CPU
		{79A8E78F-FE79-41D0-AF39-B6BC1F520DA0}.Debug|ARM.ActiveCfg = Debug|Any CPU
		{79A8E78F-FE79-41D0-AF39-B6BC1F520DA0}.Debug|ARM.Build.0 = Debug|Any CPU
		{79A8E78F-FE79-41D0-AF39-B6BC1F520DA0}.Debug|x64.ActiveCfg = Debug|Any CPU
		{79A8E78F-FE79-41D0-AF39-B6BC1F520DA0}.Debug|x64.Build.0 = Debug|Any CPU
		{79A8E78F-FE79-41D0-AF39-B6BC1F520DA0}.Debug|x86.ActiveCfg = Debug|Any CPU
		{79A8E78F-FE79-41D0-AF39-B6BC1F520DA0}.Debug|x86.Build.0 = Debug|Any CPU
		{79A8E78F-FE79-41D0-AF39-B6BC1F520DA0}.Release|Any CPU.ActiveCfg = Release|Any CPU
		{79A8E78F-FE79-41D0-AF39-B6BC1F520DA0}.Release|Any CPU.Build.0 = Release|Any CPU
		{79A8E78F-FE79-41D0-AF39-B6BC1F520DA0}.Release|ARM.ActiveCfg = Release|Any CPU
		{79A8E78F-FE79-41D0-AF39-B6BC1F520DA0}.Release|ARM.Build.0 = Release|Any CPU
		{79A8E78F-FE79-41D0-AF39-B6BC1F520DA0}.Release|x64.ActiveCfg = Release|Any CPU
		{79A8E78F-FE79-41D0-AF39-B6BC1F520DA0}.Release|x64.Build.0 = Release|Any CPU
		{79A8E78F-FE79-41D0-AF39-B6BC1F520DA0}.Release|x86.ActiveCfg = Release|Any CPU
		{79A8E78F-FE79-41D0-AF39-B6BC1F520DA0}.Release|x86.Build.0 = Release|Any CPU
	EndGlobalSection
	GlobalSection(SolutionProperties) = preSolution
		HideSolutionNode = FALSE
	EndGlobalSection
	GlobalSection(NestedProjects) = preSolution
		{AFDAF284-45F3-406D-A585-AE187827F28A} = {FD2B468B-1465-4C2F-92DC-DD7242305426}
		{9A31E001-7D01-4333-9CF1-90B7D8AB69E3} = {FD2B468B-1465-4C2F-92DC-DD7242305426}
		{41BBBA6D-5ECA-476F-93DA-6795C01E4145} = {FD2B468B-1465-4C2F-92DC-DD7242305426}
		{71078A48-C6BA-4E2E-A22A-229EEBB665B9} = {D36CC134-8E0A-4C87-B1AE-BDBBAC0DEB6E}
		{9B59A779-118D-4497-97F4-074C0E43FBDD} = {103F29CF-2D53-4613-A4E2-426873B32164}
		{83FCC670-FF22-4C0B-8383-093BD954246B} = {71078A48-C6BA-4E2E-A22A-229EEBB665B9}
		{103F29CF-2D53-4613-A4E2-426873B32164} = {71078A48-C6BA-4E2E-A22A-229EEBB665B9}
		{5DC257E6-4B9E-4F64-8C0F-DA463F1895AF} = {FD2B468B-1465-4C2F-92DC-DD7242305426}
		{451930B4-B3B3-4129-BA34-CA6113296709} = {17C94CA5-24EB-4DFB-918D-661CCE96E851}
		{48621652-EE91-49DD-9696-BDF94D8E55BD} = {AFDAF284-45F3-406D-A585-AE187827F28A}
		{5098B5F4-7960-45DC-8B9C-C7AD621DCAE6} = {5DC257E6-4B9E-4F64-8C0F-DA463F1895AF}
		{17C94CA5-24EB-4DFB-918D-661CCE96E851} = {41BBBA6D-5ECA-476F-93DA-6795C01E4145}
		{6C7E3149-7F97-4B41-992B-0B25CBD4FCF3} = {17C94CA5-24EB-4DFB-918D-661CCE96E851}
		{656C73AE-9D47-48BD-81FE-97C33FD4B7BE} = {D36CC134-8E0A-4C87-B1AE-BDBBAC0DEB6E}
		{65521F22-2C4D-45C4-B560-26CE9E429BF1} = {D36CC134-8E0A-4C87-B1AE-BDBBAC0DEB6E}
		{A1371C0C-2B04-4132-B99E-B10A254731BC} = {65521F22-2C4D-45C4-B560-26CE9E429BF1}
		{C91D683E-4322-4544-A60C-CCBFD08B2E31} = {656C73AE-9D47-48BD-81FE-97C33FD4B7BE}
		{F0282893-2485-49FA-8F2B-408E06C4D8A6} = {D36CC134-8E0A-4C87-B1AE-BDBBAC0DEB6E}
		{7524AAC7-4F08-436F-9E39-31FD3FE9BDB3} = {F0282893-2485-49FA-8F2B-408E06C4D8A6}
		{E015DB35-C42D-4CB3-9CAC-841007256F00} = {D36CC134-8E0A-4C87-B1AE-BDBBAC0DEB6E}
		{C8898E06-FBB3-48F1-B685-E955E9145CC6} = {83FCC670-FF22-4C0B-8383-093BD954246B}
		{179E2F22-50C2-4C73-840D-1E7DE5A37AB3} = {F0282893-2485-49FA-8F2B-408E06C4D8A6}
		{790ACC5D-36A5-4E43-BA39-D83AA1F1004E} = {F0282893-2485-49FA-8F2B-408E06C4D8A6}
		{73FA09C1-FC07-4736-BF02-B1C8FF58942B} = {9A31E001-7D01-4333-9CF1-90B7D8AB69E3}
		{35EF51F0-3F56-4B96-BD3C-E4ED2DB527C9} = {48621652-EE91-49DD-9696-BDF94D8E55BD}
		{42250739-A4C5-4680-842E-880B85A7D42C} = {451930B4-B3B3-4129-BA34-CA6113296709}
		{505DB450-9F10-4074-9505-1A048F568223} = {5098B5F4-7960-45DC-8B9C-C7AD621DCAE6}
		{14CB118C-8993-42C2-A46F-F23A53158EC5} = {F0282893-2485-49FA-8F2B-408E06C4D8A6}
		{0E4CF32F-474B-47D8-A0D4-0E77C8E7D92F} = {451930B4-B3B3-4129-BA34-CA6113296709}
		{156070F2-5B6D-45C5-9F85-F48A61E9EE61} = {F0282893-2485-49FA-8F2B-408E06C4D8A6}
		{79A8E78F-FE79-41D0-AF39-B6BC1F520DA0} = {71078A48-C6BA-4E2E-A22A-229EEBB665B9}
	EndGlobalSection
	GlobalSection(ExtensibilityGlobals) = postSolution
		SolutionGuid = {85D5038D-3113-4413-BECB-D5E171B3E2BC}
	EndGlobalSection
EndGlobal
