
Microsoft Visual Studio Solution File, Format Version 12.00
# Visual Studio 14
VisualStudioVersion = 14.0.25420.1
MinimumVisualStudioVersion = 10.0.40219.1
Project("{FAE04EC0-301F-11D3-BF4B-00C04F79EFBC}") = "通信服务端运行器", "..\..\Code\ServerRunPool\通信服务端运行器.csproj", "{BA96C272-6744-4EAD-AF3B-BBB8EC8E7DC0}"
EndProject
Project("{2150E333-8FDC-42A3-9474-1A3956D46DE8}") = "(IM,聊天室)示例", "(IM,聊天室)示例", "{EF741E44-1E6D-4ABD-85BD-0AEA477EE2DA}"
EndProject
Project("{2150E333-8FDC-42A3-9474-1A3956D46DE8}") = "web", "web", "{D0BC32CF-2B55-41DD-8637-31FE9EE31D34}"
EndProject
Project("{FAE04EC0-301F-11D3-BF4B-00C04F79EFBC}") = "IM", "IM\IM.csproj", "{D05A6B66-989D-4ED4-AD20-EB42FC6AB0D6}"
EndProject
Project("{2150E333-8FDC-42A3-9474-1A3956D46DE8}") = "服务器逻辑", "服务器逻辑", "{F38AD3CA-603D-431B-A730-634DE62FF1CA}"
EndProject
Project("{FAE04EC0-301F-11D3-BF4B-00C04F79EFBC}") = "IMClass", "IMClass\IMClass.csproj", "{0F34712C-CC8C-47B9-B3A7-CCEEAD339102}"
EndProject
Project("{2150E333-8FDC-42A3-9474-1A3956D46DE8}") = "WINFORM客户端", "WINFORM客户端", "{2EC29303-38E3-4365-A936-058C16FF7992}"
EndProject
Project("{FAE04EC0-301F-11D3-BF4B-00C04F79EFBC}") = "ConsoleApplication1", "ConsoleApplication1\ConsoleApplication1.csproj", "{99D4248D-DA20-4539-8B6A-4B314AB0FF63}"
EndProject
Project("{2150E333-8FDC-42A3-9474-1A3956D46DE8}") = "相关类库", "相关类库", "{4F8C7D9C-1ADA-45EB-9754-A3CE26A91107}"
EndProject
Project("{FAE04EC0-301F-11D3-BF4B-00C04F79EFBC}") = "Weave.Base", "..\..\Code\Weave.Base\Weave.Base.csproj", "{383E52FF-1F63-4514-AE5D-1B217A0C2BCE}"
EndProject
Project("{FAE04EC0-301F-11D3-BF4B-00C04F79EFBC}") = "Weave.TCPClient", "..\..\Code\Weave.TCPClient\Weave.TCPClient.csproj", "{6D769A16-5847-4CC7-B768-AFBFB89A8D68}"
EndProject
Project("{FAE04EC0-301F-11D3-BF4B-00C04F79EFBC}") = "Weave.Server", "..\..\Code\Weave.Server\Weave.Server.csproj", "{02D09D54-28B5-4363-8B03-789632263B3F}"
EndProject
Project("{FAE04EC0-301F-11D3-BF4B-00C04F79EFBC}") = "Weave.Cloud", "..\..\Code\Weave.Cloud\Weave.Cloud.csproj", "{71A78946-5DFE-4A88-B4B2-23EFD1B156B8}"
EndProject
Global
	GlobalSection(SolutionConfigurationPlatforms) = preSolution
		AAA|Any CPU = AAA|Any CPU
		AAA|ARM = AAA|ARM
		AAA|x64 = AAA|x64
		AAA|x86 = AAA|x86
		Debug|Any CPU = Debug|Any CPU
		Debug|ARM = Debug|ARM
		Debug|x64 = Debug|x64
		Debug|x86 = Debug|x86
		Release|Any CPU = Release|Any CPU
		Release|ARM = Release|ARM
		Release|x64 = Release|x64
		Release|x86 = Release|x86
	EndGlobalSection
	GlobalSection(ProjectConfigurationPlatforms) = postSolution
		{BA96C272-6744-4EAD-AF3B-BBB8EC8E7DC0}.AAA|Any CPU.ActiveCfg = Debug|Any CPU
		{BA96C272-6744-4EAD-AF3B-BBB8EC8E7DC0}.AAA|Any CPU.Build.0 = Debug|Any CPU
		{BA96C272-6744-4EAD-AF3B-BBB8EC8E7DC0}.AAA|ARM.ActiveCfg = AAA|Any CPU
		{BA96C272-6744-4EAD-AF3B-BBB8EC8E7DC0}.AAA|ARM.Build.0 = AAA|Any CPU
		{BA96C272-6744-4EAD-AF3B-BBB8EC8E7DC0}.AAA|x64.ActiveCfg = AAA|Any CPU
		{BA96C272-6744-4EAD-AF3B-BBB8EC8E7DC0}.AAA|x64.Build.0 = AAA|Any CPU
		{BA96C272-6744-4EAD-AF3B-BBB8EC8E7DC0}.AAA|x86.ActiveCfg = AAA|x86
		{BA96C272-6744-4EAD-AF3B-BBB8EC8E7DC0}.AAA|x86.Build.0 = AAA|x86
		{BA96C272-6744-4EAD-AF3B-BBB8EC8E7DC0}.Debug|Any CPU.ActiveCfg = Debug|Any CPU
		{BA96C272-6744-4EAD-AF3B-BBB8EC8E7DC0}.Debug|Any CPU.Build.0 = Debug|Any CPU
		{BA96C272-6744-4EAD-AF3B-BBB8EC8E7DC0}.Debug|ARM.ActiveCfg = Debug|Any CPU
		{BA96C272-6744-4EAD-AF3B-BBB8EC8E7DC0}.Debug|ARM.Build.0 = Debug|Any CPU
		{BA96C272-6744-4EAD-AF3B-BBB8EC8E7DC0}.Debug|x64.ActiveCfg = Debug|Any CPU
		{BA96C272-6744-4EAD-AF3B-BBB8EC8E7DC0}.Debug|x64.Build.0 = Debug|Any CPU
		{BA96C272-6744-4EAD-AF3B-BBB8EC8E7DC0}.Debug|x86.ActiveCfg = Debug|x86
		{BA96C272-6744-4EAD-AF3B-BBB8EC8E7DC0}.Debug|x86.Build.0 = Debug|x86
		{BA96C272-6744-4EAD-AF3B-BBB8EC8E7DC0}.Release|Any CPU.ActiveCfg = Release|Any CPU
		{BA96C272-6744-4EAD-AF3B-BBB8EC8E7DC0}.Release|Any CPU.Build.0 = Release|Any CPU
		{BA96C272-6744-4EAD-AF3B-BBB8EC8E7DC0}.Release|ARM.ActiveCfg = Release|Any CPU
		{BA96C272-6744-4EAD-AF3B-BBB8EC8E7DC0}.Release|ARM.Build.0 = Release|Any CPU
		{BA96C272-6744-4EAD-AF3B-BBB8EC8E7DC0}.Release|x64.ActiveCfg = Release|Any CPU
		{BA96C272-6744-4EAD-AF3B-BBB8EC8E7DC0}.Release|x64.Build.0 = Release|Any CPU
		{BA96C272-6744-4EAD-AF3B-BBB8EC8E7DC0}.Release|x86.ActiveCfg = Release|x86
		{BA96C272-6744-4EAD-AF3B-BBB8EC8E7DC0}.Release|x86.Build.0 = Release|x86
		{D05A6B66-989D-4ED4-AD20-EB42FC6AB0D6}.AAA|Any CPU.ActiveCfg = Release|Any CPU
		{D05A6B66-989D-4ED4-AD20-EB42FC6AB0D6}.AAA|Any CPU.Build.0 = Release|Any CPU
		{D05A6B66-989D-4ED4-AD20-EB42FC6AB0D6}.AAA|ARM.ActiveCfg = Release|Any CPU
		{D05A6B66-989D-4ED4-AD20-EB42FC6AB0D6}.AAA|ARM.Build.0 = Release|Any CPU
		{D05A6B66-989D-4ED4-AD20-EB42FC6AB0D6}.AAA|x64.ActiveCfg = Release|Any CPU
		{D05A6B66-989D-4ED4-AD20-EB42FC6AB0D6}.AAA|x64.Build.0 = Release|Any CPU
		{D05A6B66-989D-4ED4-AD20-EB42FC6AB0D6}.AAA|x86.ActiveCfg = Release|Any CPU
		{D05A6B66-989D-4ED4-AD20-EB42FC6AB0D6}.AAA|x86.Build.0 = Release|Any CPU
		{D05A6B66-989D-4ED4-AD20-EB42FC6AB0D6}.Debug|Any CPU.ActiveCfg = Debug|Any CPU
		{D05A6B66-989D-4ED4-AD20-EB42FC6AB0D6}.Debug|Any CPU.Build.0 = Debug|Any CPU
		{D05A6B66-989D-4ED4-AD20-EB42FC6AB0D6}.Debug|ARM.ActiveCfg = Debug|Any CPU
		{D05A6B66-989D-4ED4-AD20-EB42FC6AB0D6}.Debug|ARM.Build.0 = Debug|Any CPU
		{D05A6B66-989D-4ED4-AD20-EB42FC6AB0D6}.Debug|x64.ActiveCfg = Debug|Any CPU
		{D05A6B66-989D-4ED4-AD20-EB42FC6AB0D6}.Debug|x64.Build.0 = Debug|Any CPU
		{D05A6B66-989D-4ED4-AD20-EB42FC6AB0D6}.Debug|x86.ActiveCfg = Debug|Any CPU
		{D05A6B66-989D-4ED4-AD20-EB42FC6AB0D6}.Debug|x86.Build.0 = Debug|Any CPU
		{D05A6B66-989D-4ED4-AD20-EB42FC6AB0D6}.Release|Any CPU.ActiveCfg = Release|Any CPU
		{D05A6B66-989D-4ED4-AD20-EB42FC6AB0D6}.Release|Any CPU.Build.0 = Release|Any CPU
		{D05A6B66-989D-4ED4-AD20-EB42FC6AB0D6}.Release|ARM.ActiveCfg = Release|Any CPU
		{D05A6B66-989D-4ED4-AD20-EB42FC6AB0D6}.Release|ARM.Build.0 = Release|Any CPU
		{D05A6B66-989D-4ED4-AD20-EB42FC6AB0D6}.Release|x64.ActiveCfg = Release|Any CPU
		{D05A6B66-989D-4ED4-AD20-EB42FC6AB0D6}.Release|x64.Build.0 = Release|Any CPU
		{D05A6B66-989D-4ED4-AD20-EB42FC6AB0D6}.Release|x86.ActiveCfg = Release|Any CPU
		{D05A6B66-989D-4ED4-AD20-EB42FC6AB0D6}.Release|x86.Build.0 = Release|Any CPU
		{0F34712C-CC8C-47B9-B3A7-CCEEAD339102}.AAA|Any CPU.ActiveCfg = Release|Any CPU
		{0F34712C-CC8C-47B9-B3A7-CCEEAD339102}.AAA|Any CPU.Build.0 = Release|Any CPU
		{0F34712C-CC8C-47B9-B3A7-CCEEAD339102}.AAA|ARM.ActiveCfg = Release|Any CPU
		{0F34712C-CC8C-47B9-B3A7-CCEEAD339102}.AAA|ARM.Build.0 = Release|Any CPU
		{0F34712C-CC8C-47B9-B3A7-CCEEAD339102}.AAA|x64.ActiveCfg = Release|Any CPU
		{0F34712C-CC8C-47B9-B3A7-CCEEAD339102}.AAA|x64.Build.0 = Release|Any CPU
		{0F34712C-CC8C-47B9-B3A7-CCEEAD339102}.AAA|x86.ActiveCfg = Release|Any CPU
		{0F34712C-CC8C-47B9-B3A7-CCEEAD339102}.AAA|x86.Build.0 = Release|Any CPU
		{0F34712C-CC8C-47B9-B3A7-CCEEAD339102}.Debug|Any CPU.ActiveCfg = Debug|Any CPU
		{0F34712C-CC8C-47B9-B3A7-CCEEAD339102}.Debug|Any CPU.Build.0 = Debug|Any CPU
		{0F34712C-CC8C-47B9-B3A7-CCEEAD339102}.Debug|ARM.ActiveCfg = Debug|Any CPU
		{0F34712C-CC8C-47B9-B3A7-CCEEAD339102}.Debug|ARM.Build.0 = Debug|Any CPU
		{0F34712C-CC8C-47B9-B3A7-CCEEAD339102}.Debug|x64.ActiveCfg = Debug|Any CPU
		{0F34712C-CC8C-47B9-B3A7-CCEEAD339102}.Debug|x64.Build.0 = Debug|Any CPU
		{0F34712C-CC8C-47B9-B3A7-CCEEAD339102}.Debug|x86.ActiveCfg = Debug|Any CPU
		{0F34712C-CC8C-47B9-B3A7-CCEEAD339102}.Debug|x86.Build.0 = Debug|Any CPU
		{0F34712C-CC8C-47B9-B3A7-CCEEAD339102}.Release|Any CPU.ActiveCfg = Release|Any CPU
		{0F34712C-CC8C-47B9-B3A7-CCEEAD339102}.Release|Any CPU.Build.0 = Release|Any CPU
		{0F34712C-CC8C-47B9-B3A7-CCEEAD339102}.Release|ARM.ActiveCfg = Release|Any CPU
		{0F34712C-CC8C-47B9-B3A7-CCEEAD339102}.Release|ARM.Build.0 = Release|Any CPU
		{0F34712C-CC8C-47B9-B3A7-CCEEAD339102}.Release|x64.ActiveCfg = Release|Any CPU
		{0F34712C-CC8C-47B9-B3A7-CCEEAD339102}.Release|x64.Build.0 = Release|Any CPU
		{0F34712C-CC8C-47B9-B3A7-CCEEAD339102}.Release|x86.ActiveCfg = Release|Any CPU
		{0F34712C-CC8C-47B9-B3A7-CCEEAD339102}.Release|x86.Build.0 = Release|Any CPU
		{99D4248D-DA20-4539-8B6A-4B314AB0FF63}.AAA|Any CPU.ActiveCfg = Release|Any CPU
		{99D4248D-DA20-4539-8B6A-4B314AB0FF63}.AAA|Any CPU.Build.0 = Release|Any CPU
		{99D4248D-DA20-4539-8B6A-4B314AB0FF63}.AAA|ARM.ActiveCfg = Release|Any CPU
		{99D4248D-DA20-4539-8B6A-4B314AB0FF63}.AAA|ARM.Build.0 = Release|Any CPU
		{99D4248D-DA20-4539-8B6A-4B314AB0FF63}.AAA|x64.ActiveCfg = Release|Any CPU
		{99D4248D-DA20-4539-8B6A-4B314AB0FF63}.AAA|x64.Build.0 = Release|Any CPU
		{99D4248D-DA20-4539-8B6A-4B314AB0FF63}.AAA|x86.ActiveCfg = Release|Any CPU
		{99D4248D-DA20-4539-8B6A-4B314AB0FF63}.AAA|x86.Build.0 = Release|Any CPU
		{99D4248D-DA20-4539-8B6A-4B314AB0FF63}.Debug|Any CPU.ActiveCfg = Debug|Any CPU
		{99D4248D-DA20-4539-8B6A-4B314AB0FF63}.Debug|Any CPU.Build.0 = Debug|Any CPU
		{99D4248D-DA20-4539-8B6A-4B314AB0FF63}.Debug|ARM.ActiveCfg = Debug|Any CPU
		{99D4248D-DA20-4539-8B6A-4B314AB0FF63}.Debug|ARM.Build.0 = Debug|Any CPU
		{99D4248D-DA20-4539-8B6A-4B314AB0FF63}.Debug|x64.ActiveCfg = Debug|Any CPU
		{99D4248D-DA20-4539-8B6A-4B314AB0FF63}.Debug|x64.Build.0 = Debug|Any CPU
		{99D4248D-DA20-4539-8B6A-4B314AB0FF63}.Debug|x86.ActiveCfg = Debug|Any CPU
		{99D4248D-DA20-4539-8B6A-4B314AB0FF63}.Debug|x86.Build.0 = Debug|Any CPU
		{99D4248D-DA20-4539-8B6A-4B314AB0FF63}.Release|Any CPU.ActiveCfg = Release|Any CPU
		{99D4248D-DA20-4539-8B6A-4B314AB0FF63}.Release|Any CPU.Build.0 = Release|Any CPU
		{99D4248D-DA20-4539-8B6A-4B314AB0FF63}.Release|ARM.ActiveCfg = Release|Any CPU
		{99D4248D-DA20-4539-8B6A-4B314AB0FF63}.Release|ARM.Build.0 = Release|Any CPU
		{99D4248D-DA20-4539-8B6A-4B314AB0FF63}.Release|x64.ActiveCfg = Release|Any CPU
		{99D4248D-DA20-4539-8B6A-4B314AB0FF63}.Release|x64.Build.0 = Release|Any CPU
		{99D4248D-DA20-4539-8B6A-4B314AB0FF63}.Release|x86.ActiveCfg = Release|Any CPU
		{99D4248D-DA20-4539-8B6A-4B314AB0FF63}.Release|x86.Build.0 = Release|Any CPU
		{383E52FF-1F63-4514-AE5D-1B217A0C2BCE}.AAA|Any CPU.ActiveCfg = AAA|Any CPU
		{383E52FF-1F63-4514-AE5D-1B217A0C2BCE}.AAA|Any CPU.Build.0 = AAA|Any CPU
		{383E52FF-1F63-4514-AE5D-1B217A0C2BCE}.AAA|ARM.ActiveCfg = AAA|Any CPU
		{383E52FF-1F63-4514-AE5D-1B217A0C2BCE}.AAA|ARM.Build.0 = AAA|Any CPU
		{383E52FF-1F63-4514-AE5D-1B217A0C2BCE}.AAA|x64.ActiveCfg = AAA|Any CPU
		{383E52FF-1F63-4514-AE5D-1B217A0C2BCE}.AAA|x64.Build.0 = AAA|Any CPU
		{383E52FF-1F63-4514-AE5D-1B217A0C2BCE}.AAA|x86.ActiveCfg = AAA|Any CPU
		{383E52FF-1F63-4514-AE5D-1B217A0C2BCE}.AAA|x86.Build.0 = AAA|Any CPU
		{383E52FF-1F63-4514-AE5D-1B217A0C2BCE}.Debug|Any CPU.ActiveCfg = Debug|Any CPU
		{383E52FF-1F63-4514-AE5D-1B217A0C2BCE}.Debug|Any CPU.Build.0 = Debug|Any CPU
		{383E52FF-1F63-4514-AE5D-1B217A0C2BCE}.Debug|ARM.ActiveCfg = Debug|Any CPU
		{383E52FF-1F63-4514-AE5D-1B217A0C2BCE}.Debug|ARM.Build.0 = Debug|Any CPU
		{383E52FF-1F63-4514-AE5D-1B217A0C2BCE}.Debug|x64.ActiveCfg = Debug|Any CPU
		{383E52FF-1F63-4514-AE5D-1B217A0C2BCE}.Debug|x64.Build.0 = Debug|Any CPU
		{383E52FF-1F63-4514-AE5D-1B217A0C2BCE}.Debug|x86.ActiveCfg = Debug|Any CPU
		{383E52FF-1F63-4514-AE5D-1B217A0C2BCE}.Debug|x86.Build.0 = Debug|Any CPU
		{383E52FF-1F63-4514-AE5D-1B217A0C2BCE}.Release|Any CPU.ActiveCfg = Release|Any CPU
		{383E52FF-1F63-4514-AE5D-1B217A0C2BCE}.Release|Any CPU.Build.0 = Release|Any CPU
		{383E52FF-1F63-4514-AE5D-1B217A0C2BCE}.Release|ARM.ActiveCfg = Release|Any CPU
		{383E52FF-1F63-4514-AE5D-1B217A0C2BCE}.Release|ARM.Build.0 = Release|Any CPU
		{383E52FF-1F63-4514-AE5D-1B217A0C2BCE}.Release|x64.ActiveCfg = Release|Any CPU
		{383E52FF-1F63-4514-AE5D-1B217A0C2BCE}.Release|x64.Build.0 = Release|Any CPU
		{383E52FF-1F63-4514-AE5D-1B217A0C2BCE}.Release|x86.ActiveCfg = Release|Any CPU
		{383E52FF-1F63-4514-AE5D-1B217A0C2BCE}.Release|x86.Build.0 = Release|Any CPU
		{6D769A16-5847-4CC7-B768-AFBFB89A8D68}.AAA|Any CPU.ActiveCfg = AAA|Any CPU
		{6D769A16-5847-4CC7-B768-AFBFB89A8D68}.AAA|Any CPU.Build.0 = AAA|Any CPU
		{6D769A16-5847-4CC7-B768-AFBFB89A8D68}.AAA|ARM.ActiveCfg = AAA|Any CPU
		{6D769A16-5847-4CC7-B768-AFBFB89A8D68}.AAA|ARM.Build.0 = AAA|Any CPU
		{6D769A16-5847-4CC7-B768-AFBFB89A8D68}.AAA|x64.ActiveCfg = AAA|Any CPU
		{6D769A16-5847-4CC7-B768-AFBFB89A8D68}.AAA|x64.Build.0 = AAA|Any CPU
		{6D769A16-5847-4CC7-B768-AFBFB89A8D68}.AAA|x86.ActiveCfg = AAA|Any CPU
		{6D769A16-5847-4CC7-B768-AFBFB89A8D68}.AAA|x86.Build.0 = AAA|Any CPU
		{6D769A16-5847-4CC7-B768-AFBFB89A8D68}.Debug|Any CPU.ActiveCfg = Debug|Any CPU
		{6D769A16-5847-4CC7-B768-AFBFB89A8D68}.Debug|Any CPU.Build.0 = Debug|Any CPU
		{6D769A16-5847-4CC7-B768-AFBFB89A8D68}.Debug|ARM.ActiveCfg = Debug|Any CPU
		{6D769A16-5847-4CC7-B768-AFBFB89A8D68}.Debug|ARM.Build.0 = Debug|Any CPU
		{6D769A16-5847-4CC7-B768-AFBFB89A8D68}.Debug|x64.ActiveCfg = Debug|Any CPU
		{6D769A16-5847-4CC7-B768-AFBFB89A8D68}.Debug|x64.Build.0 = Debug|Any CPU
		{6D769A16-5847-4CC7-B768-AFBFB89A8D68}.Debug|x86.ActiveCfg = Debug|Any CPU
		{6D769A16-5847-4CC7-B768-AFBFB89A8D68}.Debug|x86.Build.0 = Debug|Any CPU
		{6D769A16-5847-4CC7-B768-AFBFB89A8D68}.Release|Any CPU.ActiveCfg = Release|Any CPU
		{6D769A16-5847-4CC7-B768-AFBFB89A8D68}.Release|Any CPU.Build.0 = Release|Any CPU
		{6D769A16-5847-4CC7-B768-AFBFB89A8D68}.Release|ARM.ActiveCfg = Release|Any CPU
		{6D769A16-5847-4CC7-B768-AFBFB89A8D68}.Release|ARM.Build.0 = Release|Any CPU
		{6D769A16-5847-4CC7-B768-AFBFB89A8D68}.Release|x64.ActiveCfg = Release|Any CPU
		{6D769A16-5847-4CC7-B768-AFBFB89A8D68}.Release|x64.Build.0 = Release|Any CPU
		{6D769A16-5847-4CC7-B768-AFBFB89A8D68}.Release|x86.ActiveCfg = Release|Any CPU
		{6D769A16-5847-4CC7-B768-AFBFB89A8D68}.Release|x86.Build.0 = Release|Any CPU
		{02D09D54-28B5-4363-8B03-789632263B3F}.AAA|Any CPU.ActiveCfg = Release|Any CPU
		{02D09D54-28B5-4363-8B03-789632263B3F}.AAA|Any CPU.Build.0 = Release|Any CPU
		{02D09D54-28B5-4363-8B03-789632263B3F}.AAA|ARM.ActiveCfg = Release|Any CPU
		{02D09D54-28B5-4363-8B03-789632263B3F}.AAA|ARM.Build.0 = Release|Any CPU
		{02D09D54-28B5-4363-8B03-789632263B3F}.AAA|x64.ActiveCfg = Release|Any CPU
		{02D09D54-28B5-4363-8B03-789632263B3F}.AAA|x64.Build.0 = Release|Any CPU
		{02D09D54-28B5-4363-8B03-789632263B3F}.AAA|x86.ActiveCfg = Release|Any CPU
		{02D09D54-28B5-4363-8B03-789632263B3F}.AAA|x86.Build.0 = Release|Any CPU
		{02D09D54-28B5-4363-8B03-789632263B3F}.Debug|Any CPU.ActiveCfg = Debug|Any CPU
		{02D09D54-28B5-4363-8B03-789632263B3F}.Debug|Any CPU.Build.0 = Debug|Any CPU
		{02D09D54-28B5-4363-8B03-789632263B3F}.Debug|ARM.ActiveCfg = Debug|Any CPU
		{02D09D54-28B5-4363-8B03-789632263B3F}.Debug|ARM.Build.0 = Debug|Any CPU
		{02D09D54-28B5-4363-8B03-789632263B3F}.Debug|x64.ActiveCfg = Debug|Any CPU
		{02D09D54-28B5-4363-8B03-789632263B3F}.Debug|x64.Build.0 = Debug|Any CPU
		{02D09D54-28B5-4363-8B03-789632263B3F}.Debug|x86.ActiveCfg = Debug|Any CPU
		{02D09D54-28B5-4363-8B03-789632263B3F}.Debug|x86.Build.0 = Debug|Any CPU
		{02D09D54-28B5-4363-8B03-789632263B3F}.Release|Any CPU.ActiveCfg = Release|Any CPU
		{02D09D54-28B5-4363-8B03-789632263B3F}.Release|Any CPU.Build.0 = Release|Any CPU
		{02D09D54-28B5-4363-8B03-789632263B3F}.Release|ARM.ActiveCfg = Release|Any CPU
		{02D09D54-28B5-4363-8B03-789632263B3F}.Release|ARM.Build.0 = Release|Any CPU
		{02D09D54-28B5-4363-8B03-789632263B3F}.Release|x64.ActiveCfg = Release|Any CPU
		{02D09D54-28B5-4363-8B03-789632263B3F}.Release|x64.Build.0 = Release|Any CPU
		{02D09D54-28B5-4363-8B03-789632263B3F}.Release|x86.ActiveCfg = Release|Any CPU
		{02D09D54-28B5-4363-8B03-789632263B3F}.Release|x86.Build.0 = Release|Any CPU
		{71A78946-5DFE-4A88-B4B2-23EFD1B156B8}.AAA|Any CPU.ActiveCfg = AAA|Any CPU
		{71A78946-5DFE-4A88-B4B2-23EFD1B156B8}.AAA|Any CPU.Build.0 = AAA|Any CPU
		{71A78946-5DFE-4A88-B4B2-23EFD1B156B8}.AAA|ARM.ActiveCfg = AAA|Any CPU
		{71A78946-5DFE-4A88-B4B2-23EFD1B156B8}.AAA|ARM.Build.0 = AAA|Any CPU
		{71A78946-5DFE-4A88-B4B2-23EFD1B156B8}.AAA|x64.ActiveCfg = AAA|Any CPU
		{71A78946-5DFE-4A88-B4B2-23EFD1B156B8}.AAA|x64.Build.0 = AAA|Any CPU
		{71A78946-5DFE-4A88-B4B2-23EFD1B156B8}.AAA|x86.ActiveCfg = AAA|Any CPU
		{71A78946-5DFE-4A88-B4B2-23EFD1B156B8}.AAA|x86.Build.0 = AAA|Any CPU
		{71A78946-5DFE-4A88-B4B2-23EFD1B156B8}.Debug|Any CPU.ActiveCfg = Debug|Any CPU
		{71A78946-5DFE-4A88-B4B2-23EFD1B156B8}.Debug|Any CPU.Build.0 = Debug|Any CPU
		{71A78946-5DFE-4A88-B4B2-23EFD1B156B8}.Debug|ARM.ActiveCfg = Debug|Any CPU
		{71A78946-5DFE-4A88-B4B2-23EFD1B156B8}.Debug|ARM.Build.0 = Debug|Any CPU
		{71A78946-5DFE-4A88-B4B2-23EFD1B156B8}.Debug|x64.ActiveCfg = Debug|Any CPU
		{71A78946-5DFE-4A88-B4B2-23EFD1B156B8}.Debug|x64.Build.0 = Debug|Any CPU
		{71A78946-5DFE-4A88-B4B2-23EFD1B156B8}.Debug|x86.ActiveCfg = Debug|Any CPU
		{71A78946-5DFE-4A88-B4B2-23EFD1B156B8}.Debug|x86.Build.0 = Debug|Any CPU
		{71A78946-5DFE-4A88-B4B2-23EFD1B156B8}.Release|Any CPU.ActiveCfg = Release|Any CPU
		{71A78946-5DFE-4A88-B4B2-23EFD1B156B8}.Release|Any CPU.Build.0 = Release|Any CPU
		{71A78946-5DFE-4A88-B4B2-23EFD1B156B8}.Release|ARM.ActiveCfg = Release|Any CPU
		{71A78946-5DFE-4A88-B4B2-23EFD1B156B8}.Release|ARM.Build.0 = Release|Any CPU
		{71A78946-5DFE-4A88-B4B2-23EFD1B156B8}.Release|x64.ActiveCfg = Release|Any CPU
		{71A78946-5DFE-4A88-B4B2-23EFD1B156B8}.Release|x64.Build.0 = Release|Any CPU
		{71A78946-5DFE-4A88-B4B2-23EFD1B156B8}.Release|x86.ActiveCfg = Release|Any CPU
		{71A78946-5DFE-4A88-B4B2-23EFD1B156B8}.Release|x86.Build.0 = Release|Any CPU
	EndGlobalSection
	GlobalSection(SolutionProperties) = preSolution
		HideSolutionNode = FALSE
	EndGlobalSection
	GlobalSection(NestedProjects) = preSolution
		{D0BC32CF-2B55-41DD-8637-31FE9EE31D34} = {EF741E44-1E6D-4ABD-85BD-0AEA477EE2DA}
		{D05A6B66-989D-4ED4-AD20-EB42FC6AB0D6} = {D0BC32CF-2B55-41DD-8637-31FE9EE31D34}
		{F38AD3CA-603D-431B-A730-634DE62FF1CA} = {EF741E44-1E6D-4ABD-85BD-0AEA477EE2DA}
		{0F34712C-CC8C-47B9-B3A7-CCEEAD339102} = {F38AD3CA-603D-431B-A730-634DE62FF1CA}
		{2EC29303-38E3-4365-A936-058C16FF7992} = {EF741E44-1E6D-4ABD-85BD-0AEA477EE2DA}
		{99D4248D-DA20-4539-8B6A-4B314AB0FF63} = {2EC29303-38E3-4365-A936-058C16FF7992}
		{383E52FF-1F63-4514-AE5D-1B217A0C2BCE} = {4F8C7D9C-1ADA-45EB-9754-A3CE26A91107}
		{6D769A16-5847-4CC7-B768-AFBFB89A8D68} = {4F8C7D9C-1ADA-45EB-9754-A3CE26A91107}
		{02D09D54-28B5-4363-8B03-789632263B3F} = {4F8C7D9C-1ADA-45EB-9754-A3CE26A91107}
		{71A78946-5DFE-4A88-B4B2-23EFD1B156B8} = {4F8C7D9C-1ADA-45EB-9754-A3CE26A91107}
	EndGlobalSection
EndGlobal
