
Microsoft Visual Studio Solution File, Format Version 12.00
# Visual Studio 14
VisualStudioVersion = 14.0.25420.1
MinimumVisualStudioVersion = 10.0.40219.1
Project("{FAE04EC0-301F-11D3-BF4B-00C04F79EFBC}") = "通信服务端运行器", "..\..\Code\ServerRunPool\通信服务端运行器.csproj", "{BA96C272-6744-4EAD-AF3B-BBB8EC8E7DC0}"
	ProjectSection(ProjectDependencies) = postProject
		{DC9B4157-68C6-4F52-B8E4-EC2E4BC1D237} = {DC9B4157-68C6-4F52-B8E4-EC2E4BC1D237}
		{A237E772-678D-490B-ADDF-1D4535D970B6} = {A237E772-678D-490B-ADDF-1D4535D970B6}
	EndProjectSection
EndProject
Project("{2150E333-8FDC-42A3-9474-1A3956D46DE8}") = "（IOT）物联网示例", "（IOT）物联网示例", "{77D42F02-56BE-4458-987E-19230B193705}"
EndProject
Project("{2150E333-8FDC-42A3-9474-1A3956D46DE8}") = "WEB", "WEB", "{15A33BF7-9778-4005-AF57-160D201C6DDA}"
EndProject
Project("{2150E333-8FDC-42A3-9474-1A3956D46DE8}") = "服务端逻辑", "服务端逻辑", "{46A728AA-6C7E-4118-BEFA-ABD0DE1619BF}"
EndProject
Project("{2150E333-8FDC-42A3-9474-1A3956D46DE8}") = "IOT端", "IOT端", "{C5D5BFF9-6223-4976-8D35-3928E8778204}"
EndProject
Project("{FAE04EC0-301F-11D3-BF4B-00C04F79EFBC}") = "WebApplication1", "WebApplication1\WebApplication1.csproj", "{475C3DF9-997B-4533-BFC4-784586240403}"
EndProject
Project("{FAE04EC0-301F-11D3-BF4B-00C04F79EFBC}") = "iotclass", "iotclass\iotclass.csproj", "{F0084D16-88A3-4FF1-B2EE-FA0130601D38}"
EndProject
Project("{FAE04EC0-301F-11D3-BF4B-00C04F79EFBC}") = "App2", "App2\App2.csproj", "{373630B7-EE5E-424E-BE02-D06AC682AD09}"
EndProject
Project("{FAE04EC0-301F-11D3-BF4B-00C04F79EFBC}") = "通用TCP云服务类库", "..\..\Code\网关核心类库\通用TCP云服务类库.csproj", "{BCB76C92-15DD-436C-9B5C-6D8D9671FA88}"
EndProject
Project("{2150E333-8FDC-42A3-9474-1A3956D46DE8}") = "相关类库", "相关类库", "{4F8C7D9C-1ADA-45EB-9754-A3CE26A91107}"
EndProject
Project("{FAE04EC0-301F-11D3-BF4B-00C04F79EFBC}") = "TCPclient", "..\..\Code\TCPclient\TCPclient.csproj", "{DC9B4157-68C6-4F52-B8E4-EC2E4BC1D237}"
EndProject
Project("{FAE04EC0-301F-11D3-BF4B-00C04F79EFBC}") = "WebSocketServer", "..\..\Code\TCPServer\WebSocketServer.csproj", "{A237E772-678D-490B-ADDF-1D4535D970B6}"
EndProject
Project("{FAE04EC0-301F-11D3-BF4B-00C04F79EFBC}") = "WeaveCore", "..\..\Code\MyInterface\WeaveCore.csproj", "{B8D521E5-9073-4B32-A7A7-F415E623F67C}"
EndProject
Project("{FAE04EC0-301F-11D3-BF4B-00C04F79EFBC}") = "IotClientClass", "..\..\Code\IotClient\IotClientClass.csproj", "{73D7FE72-1170-4912-ABD7-AA27EAFD3E1D}"
EndProject
Global
	GlobalSection(SolutionConfigurationPlatforms) = preSolution
		AAA|Any CPU = AAA|Any CPU
		AAA|ARM = AAA|ARM
		AAA|x64 = AAA|x64
		AAA|x86 = AAA|x86
		Debug|Any CPU = Debug|Any CPU
		Debug|ARM = Debug|ARM
		Debug|x64 = Debug|x64
		Debug|x86 = Debug|x86
		Release|Any CPU = Release|Any CPU
		Release|ARM = Release|ARM
		Release|x64 = Release|x64
		Release|x86 = Release|x86
	EndGlobalSection
	GlobalSection(ProjectConfigurationPlatforms) = postSolution
		{BA96C272-6744-4EAD-AF3B-BBB8EC8E7DC0}.AAA|Any CPU.ActiveCfg = AAA|Any CPU
		{BA96C272-6744-4EAD-AF3B-BBB8EC8E7DC0}.AAA|Any CPU.Build.0 = AAA|Any CPU
		{BA96C272-6744-4EAD-AF3B-BBB8EC8E7DC0}.AAA|ARM.ActiveCfg = AAA|Any CPU
		{BA96C272-6744-4EAD-AF3B-BBB8EC8E7DC0}.AAA|ARM.Build.0 = AAA|Any CPU
		{BA96C272-6744-4EAD-AF3B-BBB8EC8E7DC0}.AAA|x64.ActiveCfg = AAA|Any CPU
		{BA96C272-6744-4EAD-AF3B-BBB8EC8E7DC0}.AAA|x64.Build.0 = AAA|Any CPU
		{BA96C272-6744-4EAD-AF3B-BBB8EC8E7DC0}.AAA|x86.ActiveCfg = AAA|x86
		{BA96C272-6744-4EAD-AF3B-BBB8EC8E7DC0}.AAA|x86.Build.0 = AAA|x86
		{BA96C272-6744-4EAD-AF3B-BBB8EC8E7DC0}.Debug|Any CPU.ActiveCfg = Debug|Any CPU
		{BA96C272-6744-4EAD-AF3B-BBB8EC8E7DC0}.Debug|Any CPU.Build.0 = Debug|Any CPU
		{BA96C272-6744-4EAD-AF3B-BBB8EC8E7DC0}.Debug|ARM.ActiveCfg = Debug|Any CPU
		{BA96C272-6744-4EAD-AF3B-BBB8EC8E7DC0}.Debug|ARM.Build.0 = Debug|Any CPU
		{BA96C272-6744-4EAD-AF3B-BBB8EC8E7DC0}.Debug|x64.ActiveCfg = Debug|Any CPU
		{BA96C272-6744-4EAD-AF3B-BBB8EC8E7DC0}.Debug|x64.Build.0 = Debug|Any CPU
		{BA96C272-6744-4EAD-AF3B-BBB8EC8E7DC0}.Debug|x86.ActiveCfg = Debug|x86
		{BA96C272-6744-4EAD-AF3B-BBB8EC8E7DC0}.Debug|x86.Build.0 = Debug|x86
		{BA96C272-6744-4EAD-AF3B-BBB8EC8E7DC0}.Release|Any CPU.ActiveCfg = Release|Any CPU
		{BA96C272-6744-4EAD-AF3B-BBB8EC8E7DC0}.Release|Any CPU.Build.0 = Release|Any CPU
		{BA96C272-6744-4EAD-AF3B-BBB8EC8E7DC0}.Release|ARM.ActiveCfg = Release|Any CPU
		{BA96C272-6744-4EAD-AF3B-BBB8EC8E7DC0}.Release|ARM.Build.0 = Release|Any CPU
		{BA96C272-6744-4EAD-AF3B-BBB8EC8E7DC0}.Release|x64.ActiveCfg = Release|Any CPU
		{BA96C272-6744-4EAD-AF3B-BBB8EC8E7DC0}.Release|x64.Build.0 = Release|Any CPU
		{BA96C272-6744-4EAD-AF3B-BBB8EC8E7DC0}.Release|x86.ActiveCfg = Release|x86
		{BA96C272-6744-4EAD-AF3B-BBB8EC8E7DC0}.Release|x86.Build.0 = Release|x86
		{475C3DF9-997B-4533-BFC4-784586240403}.AAA|Any CPU.ActiveCfg = Release|Any CPU
		{475C3DF9-997B-4533-BFC4-784586240403}.AAA|Any CPU.Build.0 = Release|Any CPU
		{475C3DF9-997B-4533-BFC4-784586240403}.AAA|ARM.ActiveCfg = Release|Any CPU
		{475C3DF9-997B-4533-BFC4-784586240403}.AAA|ARM.Build.0 = Release|Any CPU
		{475C3DF9-997B-4533-BFC4-784586240403}.AAA|x64.ActiveCfg = Release|Any CPU
		{475C3DF9-997B-4533-BFC4-784586240403}.AAA|x64.Build.0 = Release|Any CPU
		{475C3DF9-997B-4533-BFC4-784586240403}.AAA|x86.ActiveCfg = Release|Any CPU
		{475C3DF9-997B-4533-BFC4-784586240403}.AAA|x86.Build.0 = Release|Any CPU
		{475C3DF9-997B-4533-BFC4-784586240403}.Debug|Any CPU.ActiveCfg = Debug|Any CPU
		{475C3DF9-997B-4533-BFC4-784586240403}.Debug|Any CPU.Build.0 = Debug|Any CPU
		{475C3DF9-997B-4533-BFC4-784586240403}.Debug|ARM.ActiveCfg = Debug|Any CPU
		{475C3DF9-997B-4533-BFC4-784586240403}.Debug|ARM.Build.0 = Debug|Any CPU
		{475C3DF9-997B-4533-BFC4-784586240403}.Debug|x64.ActiveCfg = Debug|Any CPU
		{475C3DF9-997B-4533-BFC4-784586240403}.Debug|x64.Build.0 = Debug|Any CPU
		{475C3DF9-997B-4533-BFC4-784586240403}.Debug|x86.ActiveCfg = Debug|Any CPU
		{475C3DF9-997B-4533-BFC4-784586240403}.Debug|x86.Build.0 = Debug|Any CPU
		{475C3DF9-997B-4533-BFC4-784586240403}.Release|Any CPU.ActiveCfg = Release|Any CPU
		{475C3DF9-997B-4533-BFC4-784586240403}.Release|Any CPU.Build.0 = Release|Any CPU
		{475C3DF9-997B-4533-BFC4-784586240403}.Release|ARM.ActiveCfg = Release|Any CPU
		{475C3DF9-997B-4533-BFC4-784586240403}.Release|ARM.Build.0 = Release|Any CPU
		{475C3DF9-997B-4533-BFC4-784586240403}.Release|x64.ActiveCfg = Release|Any CPU
		{475C3DF9-997B-4533-BFC4-784586240403}.Release|x64.Build.0 = Release|Any CPU
		{475C3DF9-997B-4533-BFC4-784586240403}.Release|x86.ActiveCfg = Release|Any CPU
		{475C3DF9-997B-4533-BFC4-784586240403}.Release|x86.Build.0 = Release|Any CPU
		{F0084D16-88A3-4FF1-B2EE-FA0130601D38}.AAA|Any CPU.ActiveCfg = Release|Any CPU
		{F0084D16-88A3-4FF1-B2EE-FA0130601D38}.AAA|Any CPU.Build.0 = Release|Any CPU
		{F0084D16-88A3-4FF1-B2EE-FA0130601D38}.AAA|ARM.ActiveCfg = Release|Any CPU
		{F0084D16-88A3-4FF1-B2EE-FA0130601D38}.AAA|ARM.Build.0 = Release|Any CPU
		{F0084D16-88A3-4FF1-B2EE-FA0130601D38}.AAA|x64.ActiveCfg = Release|Any CPU
		{F0084D16-88A3-4FF1-B2EE-FA0130601D38}.AAA|x64.Build.0 = Release|Any CPU
		{F0084D16-88A3-4FF1-B2EE-FA0130601D38}.AAA|x86.ActiveCfg = Release|Any CPU
		{F0084D16-88A3-4FF1-B2EE-FA0130601D38}.AAA|x86.Build.0 = Release|Any CPU
		{F0084D16-88A3-4FF1-B2EE-FA0130601D38}.Debug|Any CPU.ActiveCfg = Debug|Any CPU
		{F0084D16-88A3-4FF1-B2EE-FA0130601D38}.Debug|Any CPU.Build.0 = Debug|Any CPU
		{F0084D16-88A3-4FF1-B2EE-FA0130601D38}.Debug|ARM.ActiveCfg = Debug|Any CPU
		{F0084D16-88A3-4FF1-B2EE-FA0130601D38}.Debug|ARM.Build.0 = Debug|Any CPU
		{F0084D16-88A3-4FF1-B2EE-FA0130601D38}.Debug|x64.ActiveCfg = Debug|Any CPU
		{F0084D16-88A3-4FF1-B2EE-FA0130601D38}.Debug|x64.Build.0 = Debug|Any CPU
		{F0084D16-88A3-4FF1-B2EE-FA0130601D38}.Debug|x86.ActiveCfg = Debug|Any CPU
		{F0084D16-88A3-4FF1-B2EE-FA0130601D38}.Debug|x86.Build.0 = Debug|Any CPU
		{F0084D16-88A3-4FF1-B2EE-FA0130601D38}.Release|Any CPU.ActiveCfg = Release|Any CPU
		{F0084D16-88A3-4FF1-B2EE-FA0130601D38}.Release|Any CPU.Build.0 = Release|Any CPU
		{F0084D16-88A3-4FF1-B2EE-FA0130601D38}.Release|ARM.ActiveCfg = Release|Any CPU
		{F0084D16-88A3-4FF1-B2EE-FA0130601D38}.Release|ARM.Build.0 = Release|Any CPU
		{F0084D16-88A3-4FF1-B2EE-FA0130601D38}.Release|x64.ActiveCfg = Release|Any CPU
		{F0084D16-88A3-4FF1-B2EE-FA0130601D38}.Release|x64.Build.0 = Release|Any CPU
		{F0084D16-88A3-4FF1-B2EE-FA0130601D38}.Release|x86.ActiveCfg = Release|Any CPU
		{F0084D16-88A3-4FF1-B2EE-FA0130601D38}.Release|x86.Build.0 = Release|Any CPU
		{373630B7-EE5E-424E-BE02-D06AC682AD09}.AAA|Any CPU.ActiveCfg = Release|x64
		{373630B7-EE5E-424E-BE02-D06AC682AD09}.AAA|Any CPU.Build.0 = Release|x64
		{373630B7-EE5E-424E-BE02-D06AC682AD09}.AAA|Any CPU.Deploy.0 = Release|x64
		{373630B7-EE5E-424E-BE02-D06AC682AD09}.AAA|ARM.ActiveCfg = Release|ARM
		{373630B7-EE5E-424E-BE02-D06AC682AD09}.AAA|ARM.Build.0 = Release|ARM
		{373630B7-EE5E-424E-BE02-D06AC682AD09}.AAA|ARM.Deploy.0 = Release|ARM
		{373630B7-EE5E-424E-BE02-D06AC682AD09}.AAA|x64.ActiveCfg = Release|x64
		{373630B7-EE5E-424E-BE02-D06AC682AD09}.AAA|x64.Build.0 = Release|x64
		{373630B7-EE5E-424E-BE02-D06AC682AD09}.AAA|x64.Deploy.0 = Release|x64
		{373630B7-EE5E-424E-BE02-D06AC682AD09}.AAA|x86.ActiveCfg = Release|x86
		{373630B7-EE5E-424E-BE02-D06AC682AD09}.AAA|x86.Build.0 = Release|x86
		{373630B7-EE5E-424E-BE02-D06AC682AD09}.AAA|x86.Deploy.0 = Release|x86
		{373630B7-EE5E-424E-BE02-D06AC682AD09}.Debug|Any CPU.ActiveCfg = Debug|x86
		{373630B7-EE5E-424E-BE02-D06AC682AD09}.Debug|ARM.ActiveCfg = Debug|ARM
		{373630B7-EE5E-424E-BE02-D06AC682AD09}.Debug|ARM.Build.0 = Debug|ARM
		{373630B7-EE5E-424E-BE02-D06AC682AD09}.Debug|ARM.Deploy.0 = Debug|ARM
		{373630B7-EE5E-424E-BE02-D06AC682AD09}.Debug|x64.ActiveCfg = Debug|x64
		{373630B7-EE5E-424E-BE02-D06AC682AD09}.Debug|x64.Build.0 = Debug|x64
		{373630B7-EE5E-424E-BE02-D06AC682AD09}.Debug|x64.Deploy.0 = Debug|x64
		{373630B7-EE5E-424E-BE02-D06AC682AD09}.Debug|x86.ActiveCfg = Debug|x86
		{373630B7-EE5E-424E-BE02-D06AC682AD09}.Debug|x86.Build.0 = Debug|x86
		{373630B7-EE5E-424E-BE02-D06AC682AD09}.Debug|x86.Deploy.0 = Debug|x86
		{373630B7-EE5E-424E-BE02-D06AC682AD09}.Release|Any CPU.ActiveCfg = Release|x86
		{373630B7-EE5E-424E-BE02-D06AC682AD09}.Release|ARM.ActiveCfg = Release|ARM
		{373630B7-EE5E-424E-BE02-D06AC682AD09}.Release|ARM.Build.0 = Release|ARM
		{373630B7-EE5E-424E-BE02-D06AC682AD09}.Release|ARM.Deploy.0 = Release|ARM
		{373630B7-EE5E-424E-BE02-D06AC682AD09}.Release|x64.ActiveCfg = Release|x64
		{373630B7-EE5E-424E-BE02-D06AC682AD09}.Release|x64.Build.0 = Release|x64
		{373630B7-EE5E-424E-BE02-D06AC682AD09}.Release|x64.Deploy.0 = Release|x64
		{373630B7-EE5E-424E-BE02-D06AC682AD09}.Release|x86.ActiveCfg = Release|x86
		{373630B7-EE5E-424E-BE02-D06AC682AD09}.Release|x86.Build.0 = Release|x86
		{373630B7-EE5E-424E-BE02-D06AC682AD09}.Release|x86.Deploy.0 = Release|x86
		{BCB76C92-15DD-436C-9B5C-6D8D9671FA88}.AAA|Any CPU.ActiveCfg = AAA|Any CPU
		{BCB76C92-15DD-436C-9B5C-6D8D9671FA88}.AAA|Any CPU.Build.0 = AAA|Any CPU
		{BCB76C92-15DD-436C-9B5C-6D8D9671FA88}.AAA|ARM.ActiveCfg = AAA|Any CPU
		{BCB76C92-15DD-436C-9B5C-6D8D9671FA88}.AAA|ARM.Build.0 = AAA|Any CPU
		{BCB76C92-15DD-436C-9B5C-6D8D9671FA88}.AAA|x64.ActiveCfg = AAA|Any CPU
		{BCB76C92-15DD-436C-9B5C-6D8D9671FA88}.AAA|x64.Build.0 = AAA|Any CPU
		{BCB76C92-15DD-436C-9B5C-6D8D9671FA88}.AAA|x86.ActiveCfg = AAA|Any CPU
		{BCB76C92-15DD-436C-9B5C-6D8D9671FA88}.AAA|x86.Build.0 = AAA|Any CPU
		{BCB76C92-15DD-436C-9B5C-6D8D9671FA88}.Debug|Any CPU.ActiveCfg = Debug|Any CPU
		{BCB76C92-15DD-436C-9B5C-6D8D9671FA88}.Debug|Any CPU.Build.0 = Debug|Any CPU
		{BCB76C92-15DD-436C-9B5C-6D8D9671FA88}.Debug|ARM.ActiveCfg = Debug|Any CPU
		{BCB76C92-15DD-436C-9B5C-6D8D9671FA88}.Debug|ARM.Build.0 = Debug|Any CPU
		{BCB76C92-15DD-436C-9B5C-6D8D9671FA88}.Debug|x64.ActiveCfg = Debug|Any CPU
		{BCB76C92-15DD-436C-9B5C-6D8D9671FA88}.Debug|x64.Build.0 = Debug|Any CPU
		{BCB76C92-15DD-436C-9B5C-6D8D9671FA88}.Debug|x86.ActiveCfg = Debug|Any CPU
		{BCB76C92-15DD-436C-9B5C-6D8D9671FA88}.Debug|x86.Build.0 = Debug|Any CPU
		{BCB76C92-15DD-436C-9B5C-6D8D9671FA88}.Release|Any CPU.ActiveCfg = Release|Any CPU
		{BCB76C92-15DD-436C-9B5C-6D8D9671FA88}.Release|Any CPU.Build.0 = Release|Any CPU
		{BCB76C92-15DD-436C-9B5C-6D8D9671FA88}.Release|ARM.ActiveCfg = Release|Any CPU
		{BCB76C92-15DD-436C-9B5C-6D8D9671FA88}.Release|ARM.Build.0 = Release|Any CPU
		{BCB76C92-15DD-436C-9B5C-6D8D9671FA88}.Release|x64.ActiveCfg = Release|Any CPU
		{BCB76C92-15DD-436C-9B5C-6D8D9671FA88}.Release|x64.Build.0 = Release|Any CPU
		{BCB76C92-15DD-436C-9B5C-6D8D9671FA88}.Release|x86.ActiveCfg = Release|Any CPU
		{BCB76C92-15DD-436C-9B5C-6D8D9671FA88}.Release|x86.Build.0 = Release|Any CPU
		{DC9B4157-68C6-4F52-B8E4-EC2E4BC1D237}.AAA|Any CPU.ActiveCfg = AAA|Any CPU
		{DC9B4157-68C6-4F52-B8E4-EC2E4BC1D237}.AAA|Any CPU.Build.0 = AAA|Any CPU
		{DC9B4157-68C6-4F52-B8E4-EC2E4BC1D237}.AAA|ARM.ActiveCfg = AAA|Any CPU
		{DC9B4157-68C6-4F52-B8E4-EC2E4BC1D237}.AAA|ARM.Build.0 = AAA|Any CPU
		{DC9B4157-68C6-4F52-B8E4-EC2E4BC1D237}.AAA|x64.ActiveCfg = AAA|Any CPU
		{DC9B4157-68C6-4F52-B8E4-EC2E4BC1D237}.AAA|x64.Build.0 = AAA|Any CPU
		{DC9B4157-68C6-4F52-B8E4-EC2E4BC1D237}.AAA|x86.ActiveCfg = AAA|Any CPU
		{DC9B4157-68C6-4F52-B8E4-EC2E4BC1D237}.AAA|x86.Build.0 = AAA|Any CPU
		{DC9B4157-68C6-4F52-B8E4-EC2E4BC1D237}.Debug|Any CPU.ActiveCfg = Debug|Any CPU
		{DC9B4157-68C6-4F52-B8E4-EC2E4BC1D237}.Debug|Any CPU.Build.0 = Debug|Any CPU
		{DC9B4157-68C6-4F52-B8E4-EC2E4BC1D237}.Debug|ARM.ActiveCfg = Debug|Any CPU
		{DC9B4157-68C6-4F52-B8E4-EC2E4BC1D237}.Debug|ARM.Build.0 = Debug|Any CPU
		{DC9B4157-68C6-4F52-B8E4-EC2E4BC1D237}.Debug|x64.ActiveCfg = Debug|Any CPU
		{DC9B4157-68C6-4F52-B8E4-EC2E4BC1D237}.Debug|x64.Build.0 = Debug|Any CPU
		{DC9B4157-68C6-4F52-B8E4-EC2E4BC1D237}.Debug|x86.ActiveCfg = Debug|Any CPU
		{DC9B4157-68C6-4F52-B8E4-EC2E4BC1D237}.Debug|x86.Build.0 = Debug|Any CPU
		{DC9B4157-68C6-4F52-B8E4-EC2E4BC1D237}.Release|Any CPU.ActiveCfg = Release|Any CPU
		{DC9B4157-68C6-4F52-B8E4-EC2E4BC1D237}.Release|Any CPU.Build.0 = Release|Any CPU
		{DC9B4157-68C6-4F52-B8E4-EC2E4BC1D237}.Release|ARM.ActiveCfg = Release|Any CPU
		{DC9B4157-68C6-4F52-B8E4-EC2E4BC1D237}.Release|ARM.Build.0 = Release|Any CPU
		{DC9B4157-68C6-4F52-B8E4-EC2E4BC1D237}.Release|x64.ActiveCfg = Release|Any CPU
		{DC9B4157-68C6-4F52-B8E4-EC2E4BC1D237}.Release|x64.Build.0 = Release|Any CPU
		{DC9B4157-68C6-4F52-B8E4-EC2E4BC1D237}.Release|x86.ActiveCfg = Release|Any CPU
		{DC9B4157-68C6-4F52-B8E4-EC2E4BC1D237}.Release|x86.Build.0 = Release|Any CPU
		{A237E772-678D-490B-ADDF-1D4535D970B6}.AAA|Any CPU.ActiveCfg = Release|Any CPU
		{A237E772-678D-490B-ADDF-1D4535D970B6}.AAA|Any CPU.Build.0 = Release|Any CPU
		{A237E772-678D-490B-ADDF-1D4535D970B6}.AAA|ARM.ActiveCfg = Release|Any CPU
		{A237E772-678D-490B-ADDF-1D4535D970B6}.AAA|ARM.Build.0 = Release|Any CPU
		{A237E772-678D-490B-ADDF-1D4535D970B6}.AAA|x64.ActiveCfg = Release|Any CPU
		{A237E772-678D-490B-ADDF-1D4535D970B6}.AAA|x64.Build.0 = Release|Any CPU
		{A237E772-678D-490B-ADDF-1D4535D970B6}.AAA|x86.ActiveCfg = Release|Any CPU
		{A237E772-678D-490B-ADDF-1D4535D970B6}.AAA|x86.Build.0 = Release|Any CPU
		{A237E772-678D-490B-ADDF-1D4535D970B6}.Debug|Any CPU.ActiveCfg = Debug|Any CPU
		{A237E772-678D-490B-ADDF-1D4535D970B6}.Debug|Any CPU.Build.0 = Debug|Any CPU
		{A237E772-678D-490B-ADDF-1D4535D970B6}.Debug|ARM.ActiveCfg = Debug|Any CPU
		{A237E772-678D-490B-ADDF-1D4535D970B6}.Debug|ARM.Build.0 = Debug|Any CPU
		{A237E772-678D-490B-ADDF-1D4535D970B6}.Debug|x64.ActiveCfg = Debug|Any CPU
		{A237E772-678D-490B-ADDF-1D4535D970B6}.Debug|x64.Build.0 = Debug|Any CPU
		{A237E772-678D-490B-ADDF-1D4535D970B6}.Debug|x86.ActiveCfg = Debug|Any CPU
		{A237E772-678D-490B-ADDF-1D4535D970B6}.Debug|x86.Build.0 = Debug|Any CPU
		{A237E772-678D-490B-ADDF-1D4535D970B6}.Release|Any CPU.ActiveCfg = Release|Any CPU
		{A237E772-678D-490B-ADDF-1D4535D970B6}.Release|Any CPU.Build.0 = Release|Any CPU
		{A237E772-678D-490B-ADDF-1D4535D970B6}.Release|ARM.ActiveCfg = Release|Any CPU
		{A237E772-678D-490B-ADDF-1D4535D970B6}.Release|ARM.Build.0 = Release|Any CPU
		{A237E772-678D-490B-ADDF-1D4535D970B6}.Release|x64.ActiveCfg = Release|Any CPU
		{A237E772-678D-490B-ADDF-1D4535D970B6}.Release|x64.Build.0 = Release|Any CPU
		{A237E772-678D-490B-ADDF-1D4535D970B6}.Release|x86.ActiveCfg = Release|Any CPU
		{A237E772-678D-490B-ADDF-1D4535D970B6}.Release|x86.Build.0 = Release|Any CPU
		{B8D521E5-9073-4B32-A7A7-F415E623F67C}.AAA|Any CPU.ActiveCfg = AAA|Any CPU
		{B8D521E5-9073-4B32-A7A7-F415E623F67C}.AAA|Any CPU.Build.0 = AAA|Any CPU
		{B8D521E5-9073-4B32-A7A7-F415E623F67C}.AAA|ARM.ActiveCfg = AAA|Any CPU
		{B8D521E5-9073-4B32-A7A7-F415E623F67C}.AAA|ARM.Build.0 = AAA|Any CPU
		{B8D521E5-9073-4B32-A7A7-F415E623F67C}.AAA|x64.ActiveCfg = AAA|Any CPU
		{B8D521E5-9073-4B32-A7A7-F415E623F67C}.AAA|x64.Build.0 = AAA|Any CPU
		{B8D521E5-9073-4B32-A7A7-F415E623F67C}.AAA|x86.ActiveCfg = AAA|Any CPU
		{B8D521E5-9073-4B32-A7A7-F415E623F67C}.AAA|x86.Build.0 = AAA|Any CPU
		{B8D521E5-9073-4B32-A7A7-F415E623F67C}.Debug|Any CPU.ActiveCfg = Debug|Any CPU
		{B8D521E5-9073-4B32-A7A7-F415E623F67C}.Debug|Any CPU.Build.0 = Debug|Any CPU
		{B8D521E5-9073-4B32-A7A7-F415E623F67C}.Debug|ARM.ActiveCfg = Debug|Any CPU
		{B8D521E5-9073-4B32-A7A7-F415E623F67C}.Debug|ARM.Build.0 = Debug|Any CPU
		{B8D521E5-9073-4B32-A7A7-F415E623F67C}.Debug|x64.ActiveCfg = Debug|Any CPU
		{B8D521E5-9073-4B32-A7A7-F415E623F67C}.Debug|x64.Build.0 = Debug|Any CPU
		{B8D521E5-9073-4B32-A7A7-F415E623F67C}.Debug|x86.ActiveCfg = Debug|Any CPU
		{B8D521E5-9073-4B32-A7A7-F415E623F67C}.Debug|x86.Build.0 = Debug|Any CPU
		{B8D521E5-9073-4B32-A7A7-F415E623F67C}.Release|Any CPU.ActiveCfg = Release|Any CPU
		{B8D521E5-9073-4B32-A7A7-F415E623F67C}.Release|Any CPU.Build.0 = Release|Any CPU
		{B8D521E5-9073-4B32-A7A7-F415E623F67C}.Release|ARM.ActiveCfg = Release|Any CPU
		{B8D521E5-9073-4B32-A7A7-F415E623F67C}.Release|ARM.Build.0 = Release|Any CPU
		{B8D521E5-9073-4B32-A7A7-F415E623F67C}.Release|x64.ActiveCfg = Release|Any CPU
		{B8D521E5-9073-4B32-A7A7-F415E623F67C}.Release|x64.Build.0 = Release|Any CPU
		{B8D521E5-9073-4B32-A7A7-F415E623F67C}.Release|x86.ActiveCfg = Release|Any CPU
		{B8D521E5-9073-4B32-A7A7-F415E623F67C}.Release|x86.Build.0 = Release|Any CPU
		{73D7FE72-1170-4912-ABD7-AA27EAFD3E1D}.AAA|Any CPU.ActiveCfg = Release|Any CPU
		{73D7FE72-1170-4912-ABD7-AA27EAFD3E1D}.AAA|Any CPU.Build.0 = Release|Any CPU
		{73D7FE72-1170-4912-ABD7-AA27EAFD3E1D}.AAA|ARM.ActiveCfg = Release|ARM
		{73D7FE72-1170-4912-ABD7-AA27EAFD3E1D}.AAA|ARM.Build.0 = Release|ARM
		{73D7FE72-1170-4912-ABD7-AA27EAFD3E1D}.AAA|x64.ActiveCfg = Release|x64
		{73D7FE72-1170-4912-ABD7-AA27EAFD3E1D}.AAA|x64.Build.0 = Release|x64
		{73D7FE72-1170-4912-ABD7-AA27EAFD3E1D}.AAA|x86.ActiveCfg = Release|x86
		{73D7FE72-1170-4912-ABD7-AA27EAFD3E1D}.AAA|x86.Build.0 = Release|x86
		{73D7FE72-1170-4912-ABD7-AA27EAFD3E1D}.Debug|Any CPU.ActiveCfg = Debug|Any CPU
		{73D7FE72-1170-4912-ABD7-AA27EAFD3E1D}.Debug|Any CPU.Build.0 = Debug|Any CPU
		{73D7FE72-1170-4912-ABD7-AA27EAFD3E1D}.Debug|ARM.ActiveCfg = Debug|ARM
		{73D7FE72-1170-4912-ABD7-AA27EAFD3E1D}.Debug|ARM.Build.0 = Debug|ARM
		{73D7FE72-1170-4912-ABD7-AA27EAFD3E1D}.Debug|x64.ActiveCfg = Debug|x64
		{73D7FE72-1170-4912-ABD7-AA27EAFD3E1D}.Debug|x64.Build.0 = Debug|x64
		{73D7FE72-1170-4912-ABD7-AA27EAFD3E1D}.Debug|x86.ActiveCfg = Debug|x86
		{73D7FE72-1170-4912-ABD7-AA27EAFD3E1D}.Debug|x86.Build.0 = Debug|x86
		{73D7FE72-1170-4912-ABD7-AA27EAFD3E1D}.Release|Any CPU.ActiveCfg = Release|Any CPU
		{73D7FE72-1170-4912-ABD7-AA27EAFD3E1D}.Release|Any CPU.Build.0 = Release|Any CPU
		{73D7FE72-1170-4912-ABD7-AA27EAFD3E1D}.Release|ARM.ActiveCfg = Release|ARM
		{73D7FE72-1170-4912-ABD7-AA27EAFD3E1D}.Release|ARM.Build.0 = Release|ARM
		{73D7FE72-1170-4912-ABD7-AA27EAFD3E1D}.Release|x64.ActiveCfg = Release|x64
		{73D7FE72-1170-4912-ABD7-AA27EAFD3E1D}.Release|x64.Build.0 = Release|x64
		{73D7FE72-1170-4912-ABD7-AA27EAFD3E1D}.Release|x86.ActiveCfg = Release|x86
		{73D7FE72-1170-4912-ABD7-AA27EAFD3E1D}.Release|x86.Build.0 = Release|x86
	EndGlobalSection
	GlobalSection(SolutionProperties) = preSolution
		HideSolutionNode = FALSE
	EndGlobalSection
	GlobalSection(NestedProjects) = preSolution
		{15A33BF7-9778-4005-AF57-160D201C6DDA} = {77D42F02-56BE-4458-987E-19230B193705}
		{46A728AA-6C7E-4118-BEFA-ABD0DE1619BF} = {77D42F02-56BE-4458-987E-19230B193705}
		{C5D5BFF9-6223-4976-8D35-3928E8778204} = {77D42F02-56BE-4458-987E-19230B193705}
		{475C3DF9-997B-4533-BFC4-784586240403} = {15A33BF7-9778-4005-AF57-160D201C6DDA}
		{F0084D16-88A3-4FF1-B2EE-FA0130601D38} = {46A728AA-6C7E-4118-BEFA-ABD0DE1619BF}
		{373630B7-EE5E-424E-BE02-D06AC682AD09} = {C5D5BFF9-6223-4976-8D35-3928E8778204}
		{BCB76C92-15DD-436C-9B5C-6D8D9671FA88} = {4F8C7D9C-1ADA-45EB-9754-A3CE26A91107}
		{DC9B4157-68C6-4F52-B8E4-EC2E4BC1D237} = {4F8C7D9C-1ADA-45EB-9754-A3CE26A91107}
		{A237E772-678D-490B-ADDF-1D4535D970B6} = {4F8C7D9C-1ADA-45EB-9754-A3CE26A91107}
		{B8D521E5-9073-4B32-A7A7-F415E623F67C} = {4F8C7D9C-1ADA-45EB-9754-A3CE26A91107}
		{73D7FE72-1170-4912-ABD7-AA27EAFD3E1D} = {4F8C7D9C-1ADA-45EB-9754-A3CE26A91107}
	EndGlobalSection
EndGlobal
